// !$*UTF8*$!
{
	archiveVersion = 1;
	classes = {
	};
	objectVersion = 51;
	objects = {

/* Begin PBXBuildFile section */
		00A0913501EB4F47F6D9CF2E /* Pods_QLearn.framework in Frameworks */ = {isa = PBXBuildFile; fileRef = 8E45E735C03497F107116A05 /* Pods_QLearn.framework */; };
		5D0A0C262337481100D5B7EF /* Localizable.strings in Resources */ = {isa = PBXBuildFile; fileRef = 5D0A0C282337481100D5B7EF /* Localizable.strings */; };
		5D1977AD234015FC00C3659E /* GoQusetionAnswerViewController.swift in Sources */ = {isa = PBXBuildFile; fileRef = 5D1977AC234015FC00C3659E /* GoQusetionAnswerViewController.swift */; };
		5D1977AF234029B100C3659E /* GoAskQusetionViewController.swift in Sources */ = {isa = PBXBuildFile; fileRef = 5D1977AE234029B100C3659E /* GoAskQusetionViewController.swift */; };
		5D1E2AF12336067A007715DD /* CreateMcqQuestionViewController.swift in Sources */ = {isa = PBXBuildFile; fileRef = 5D1E2AF02336067A007715DD /* CreateMcqQuestionViewController.swift */; };
		5D26B5752338A862000EE757 /* TrueFalseQuestionStudentViewController.swift in Sources */ = {isa = PBXBuildFile; fileRef = 5D26B5742338A862000EE757 /* TrueFalseQuestionStudentViewController.swift */; };
		5D26B5782338BC1B000EE757 /* CheckQuestionViewController.swift in Sources */ = {isa = PBXBuildFile; fileRef = 5D26B5772338BC1B000EE757 /* CheckQuestionViewController.swift */; };
		5D39FDA9232DEADC005C3E23 /* CvTeacherViewController.swift in Sources */ = {isa = PBXBuildFile; fileRef = 5D39FDA8232DEADC005C3E23 /* CvTeacherViewController.swift */; };
		5D4EE95C233B1BAF00347CE9 /* CircularProgressBar.swift in Sources */ = {isa = PBXBuildFile; fileRef = 5D4EE95B233B1BAE00347CE9 /* CircularProgressBar.swift */; };
		5D4EFD5723330B2C0005F7FE /* AddNewNewsTableView.swift in Sources */ = {isa = PBXBuildFile; fileRef = 5D4EFD5623330B2C0005F7FE /* AddNewNewsTableView.swift */; };
		5D4EFD5A23330B750005F7FE /* AddTeachersTableView.swift in Sources */ = {isa = PBXBuildFile; fileRef = 5D4EFD5923330B750005F7FE /* AddTeachersTableView.swift */; };
		5D4EFD5C23330BC80005F7FE /* AddNewNewsTableViewCell.swift in Sources */ = {isa = PBXBuildFile; fileRef = 5D4EFD5B23330BC80005F7FE /* AddNewNewsTableViewCell.swift */; };
		5D4EFD5E23330BDF0005F7FE /* AddTeachersTableViewCell.swift in Sources */ = {isa = PBXBuildFile; fileRef = 5D4EFD5D23330BDF0005F7FE /* AddTeachersTableViewCell.swift */; };
		5D515F86232C68FC00F4618A /* HomeViewController.swift in Sources */ = {isa = PBXBuildFile; fileRef = 5D515F85232C68FC00F4618A /* HomeViewController.swift */; };
		5D7AF779232E0BBD0075BC0C /* CvTeacherTableViewCell.swift in Sources */ = {isa = PBXBuildFile; fileRef = 5D7AF778232E0BBD0075BC0C /* CvTeacherTableViewCell.swift */; };
		5D7AF77B232E0E120075BC0C /* ContactUsViewController.swift in Sources */ = {isa = PBXBuildFile; fileRef = 5D7AF77A232E0E120075BC0C /* ContactUsViewController.swift */; };
		5D89BC6D233068D6000E0F9A /* AchievementsTableViewCell.swift in Sources */ = {isa = PBXBuildFile; fileRef = 5D89BC6C233068D6000E0F9A /* AchievementsTableViewCell.swift */; };
		5D89BC6F23307233000E0F9A /* OfficePhoneNumbersTableViewCell.swift in Sources */ = {isa = PBXBuildFile; fileRef = 5D89BC6E23307232000E0F9A /* OfficePhoneNumbersTableViewCell.swift */; };
		5D89BC7123307299000E0F9A /* AddressesTableViewCell.swift in Sources */ = {isa = PBXBuildFile; fileRef = 5D89BC7023307299000E0F9A /* AddressesTableViewCell.swift */; };
		5DBEA73923438E0800C6333A /* AllNews.swift in Sources */ = {isa = PBXBuildFile; fileRef = 5DBEA73823438E0800C6333A /* AllNews.swift */; };
		5DBEA73B2343917400C6333A /* TeacherDrobMenu.swift in Sources */ = {isa = PBXBuildFile; fileRef = 5DBEA73A2343917400C6333A /* TeacherDrobMenu.swift */; };
		5DBEA73E2343BA8B00C6333A /* Admin.swift in Sources */ = {isa = PBXBuildFile; fileRef = 5DBEA73D2343BA8B00C6333A /* Admin.swift */; };
		5DE73D802339E16500696190 /* EssayQuestionsStudentViewController.swift in Sources */ = {isa = PBXBuildFile; fileRef = 5DE73D7F2339E16500696190 /* EssayQuestionsStudentViewController.swift */; };
		5DE88706233DFA9A007A5D0A /* AllQuestionChapterViewController.swift in Sources */ = {isa = PBXBuildFile; fileRef = 5DE88705233DFA9A007A5D0A /* AllQuestionChapterViewController.swift */; };
		5DE88708233DFAD5007A5D0A /* AllQuestionChapterCell.swift in Sources */ = {isa = PBXBuildFile; fileRef = 5DE88707233DFAD5007A5D0A /* AllQuestionChapterCell.swift */; };
		681BFF752337E3F80086FDF4 /* SPRadioButton.swift in Sources */ = {isa = PBXBuildFile; fileRef = 681BFF742337E3F80086FDF4 /* SPRadioButton.swift */; };
		681D59AD235E1CB60001554B /* Date+Extension.swift in Sources */ = {isa = PBXBuildFile; fileRef = 681D59AC235E1CB60001554B /* Date+Extension.swift */; };
		681E91032347FC21008FA842 /* UIView+Extension.swift in Sources */ = {isa = PBXBuildFile; fileRef = 681E91022347FC21008FA842 /* UIView+Extension.swift */; };
		681E910523484762008FA842 /* FileDownloader.swift in Sources */ = {isa = PBXBuildFile; fileRef = 681E910423484762008FA842 /* FileDownloader.swift */; };
		6827A4CF2343EF3C00FF4AD9 /* Parent.swift in Sources */ = {isa = PBXBuildFile; fileRef = 6827A4CE2343EF3C00FF4AD9 /* Parent.swift */; };
		6827A4D1234459D800FF4AD9 /* AdminLogin.swift in Sources */ = {isa = PBXBuildFile; fileRef = 6827A4D0234459D800FF4AD9 /* AdminLogin.swift */; };
		683239FD23381D81002DACBF /* SearchQuestionsViewController.swift in Sources */ = {isa = PBXBuildFile; fileRef = 683239FC23381D81002DACBF /* SearchQuestionsViewController.swift */; };
		683239FF23381DAC002DACBF /* SearchQuestionsTableViewCell.swift in Sources */ = {isa = PBXBuildFile; fileRef = 683239FE23381DAC002DACBF /* SearchQuestionsTableViewCell.swift */; };
		683C82D6234172FF008702FE /* SchoolUser.swift in Sources */ = {isa = PBXBuildFile; fileRef = 683C82D5234172FF008702FE /* SchoolUser.swift */; };
		684470E1233C1845003A717B /* AskTeacherViewController.swift in Sources */ = {isa = PBXBuildFile; fileRef = 684470E0233C1845003A717B /* AskTeacherViewController.swift */; };
		684470E3233C206D003A717B /* MyQuestionsViewController.swift in Sources */ = {isa = PBXBuildFile; fileRef = 684470E2233C206D003A717B /* MyQuestionsViewController.swift */; };
		684470E7233C2FA7003A717B /* MyQuestionsTableViewCell.swift in Sources */ = {isa = PBXBuildFile; fileRef = 684470E6233C2FA7003A717B /* MyQuestionsTableViewCell.swift */; };
		685ADB6A2347535E001C3F52 /* CorrectAnswerViewController.swift in Sources */ = {isa = PBXBuildFile; fileRef = 685ADB692347535E001C3F52 /* CorrectAnswerViewController.swift */; };
		68672440233FA2B0002E9763 /* Chapter.swift in Sources */ = {isa = PBXBuildFile; fileRef = 6867243F233FA2B0002E9763 /* Chapter.swift */; };
		686D748E2333C00500F2FE34 /* TypeTableViewCell.swift in Sources */ = {isa = PBXBuildFile; fileRef = 686D748D2333C00500F2FE34 /* TypeTableViewCell.swift */; };
		6875649D2333C1D400871F5C /* AvailableTypesViewController.swift in Sources */ = {isa = PBXBuildFile; fileRef = 6875649C2333C1D400871F5C /* AvailableTypesViewController.swift */; };
		6879617F2368E1E100968B63 /* String+Extension.swift in Sources */ = {isa = PBXBuildFile; fileRef = 6879617E2368E1E100968B63 /* String+Extension.swift */; };
		689EB3542333CF6800D17EC8 /* PDFTypeViewController.swift in Sources */ = {isa = PBXBuildFile; fileRef = 689EB3532333CF6800D17EC8 /* PDFTypeViewController.swift */; };
		689EB3572333E29700D17EC8 /* PDFTableViewCell.swift in Sources */ = {isa = PBXBuildFile; fileRef = 689EB3562333E29700D17EC8 /* PDFTableViewCell.swift */; };
		689EB35A2334037900D17EC8 /* QuestionsBagViewController.swift in Sources */ = {isa = PBXBuildFile; fileRef = 689EB3592334037900D17EC8 /* QuestionsBagViewController.swift */; };
		68C4FB722332C49B001E287B /* SlidingText.swift in Sources */ = {isa = PBXBuildFile; fileRef = 68C4FB712332C49A001E287B /* SlidingText.swift */; };
		68E4325A2345217000AD5544 /* EvaluateAnswerViewController.swift in Sources */ = {isa = PBXBuildFile; fileRef = 68E432592345217000AD5544 /* EvaluateAnswerViewController.swift */; };
		68E4325E234535D800AD5544 /* FullQuestion.swift in Sources */ = {isa = PBXBuildFile; fileRef = 68E4325D234535D800AD5544 /* FullQuestion.swift */; };
		68E49458233543080090E0F8 /* CreateEssayQuestionViewController.swift in Sources */ = {isa = PBXBuildFile; fileRef = 68E49457233543080090E0F8 /* CreateEssayQuestionViewController.swift */; };
		68E4945A2335497B0090E0F8 /* HairlineConstraint.swift in Sources */ = {isa = PBXBuildFile; fileRef = 68E494592335497B0090E0F8 /* HairlineConstraint.swift */; };
		68E4ED342331196200F79C7F /* MonthGrade.swift in Sources */ = {isa = PBXBuildFile; fileRef = 68E4ED332331196200F79C7F /* MonthGrade.swift */; };
		68E4ED36233119C000F79C7F /* Attendance.swift in Sources */ = {isa = PBXBuildFile; fileRef = 68E4ED35233119C000F79C7F /* Attendance.swift */; };
		68E4ED3823311D8000F79C7F /* UILabel+Extension.swift in Sources */ = {isa = PBXBuildFile; fileRef = 68E4ED3723311D8000F79C7F /* UILabel+Extension.swift */; };
		68E4ED3D23312AEB00F79C7F /* WeekGradesTableViewCell.swift in Sources */ = {isa = PBXBuildFile; fileRef = 68E4ED3C23312AEB00F79C7F /* WeekGradesTableViewCell.swift */; };
		68E4ED3F23312B0100F79C7F /* MonthGradesTableViewCell.swift in Sources */ = {isa = PBXBuildFile; fileRef = 68E4ED3E23312B0100F79C7F /* MonthGradesTableViewCell.swift */; };
		68E4ED4123312B2800F79C7F /* AttendanceTableViewCell.swift in Sources */ = {isa = PBXBuildFile; fileRef = 68E4ED4023312B2800F79C7F /* AttendanceTableViewCell.swift */; };
		68E4ED43233162EA00F79C7F /* User.swift in Sources */ = {isa = PBXBuildFile; fileRef = 68E4ED42233162EA00F79C7F /* User.swift */; };
		68E51B0B232AB2CF00FF48A6 /* HomeTableViewCell.swift in Sources */ = {isa = PBXBuildFile; fileRef = 68E51B0A232AB2CF00FF48A6 /* HomeTableViewCell.swift */; };
		68E51B0D232AB38200FF48A6 /* ShadowView.swift in Sources */ = {isa = PBXBuildFile; fileRef = 68E51B0C232AB38200FF48A6 /* ShadowView.swift */; };
		68E51B11232AD61000FF48A6 /* Client.swift in Sources */ = {isa = PBXBuildFile; fileRef = 68E51B10232AD61000FF48A6 /* Client.swift */; };
		68E6597B235B270F00A70D07 /* GoogleService-Info.plist in Resources */ = {isa = PBXBuildFile; fileRef = 68E6597A235B270F00A70D07 /* GoogleService-Info.plist */; };
		68E71D09232D2C25007D016A /* TimetableViewController.swift in Sources */ = {isa = PBXBuildFile; fileRef = 68E71D08232D2C25007D016A /* TimetableViewController.swift */; };
		68E71D0C232D46D3007D016A /* UIButton+Extension.swift in Sources */ = {isa = PBXBuildFile; fileRef = 68E71D0B232D46D3007D016A /* UIButton+Extension.swift */; };
		68E71D0E232D54C4007D016A /* StudentReportViewController.swift in Sources */ = {isa = PBXBuildFile; fileRef = 68E71D0D232D54C4007D016A /* StudentReportViewController.swift */; };
		68E71D12232D748D007D016A /* SideMenuTableViewController.swift in Sources */ = {isa = PBXBuildFile; fileRef = 68E71D11232D748D007D016A /* SideMenuTableViewController.swift */; };
		68E76D49233A7C9900C397F7 /* AddPdfViewController.swift in Sources */ = {isa = PBXBuildFile; fileRef = 68E76D48233A7C9900C397F7 /* AddPdfViewController.swift */; };
		68E76D6D233AB02300C397F7 /* Dictionary+Extension.swift in Sources */ = {isa = PBXBuildFile; fileRef = 68E76D6C233AB02300C397F7 /* Dictionary+Extension.swift */; };
		68E7E07D23430725000196F2 /* StudentLogin.swift in Sources */ = {isa = PBXBuildFile; fileRef = 68E7E07C23430725000196F2 /* StudentLogin.swift */; };
		68EA9A792341A12000A4D420 /* QuestionsCount.swift in Sources */ = {isa = PBXBuildFile; fileRef = 68EA9A782341A12000A4D420 /* QuestionsCount.swift */; };
		68EA9A7B2341AF0500A4D420 /* RightAnswers.swift in Sources */ = {isa = PBXBuildFile; fileRef = 68EA9A7A2341AF0500A4D420 /* RightAnswers.swift */; };
		68EAB149232E814E005CBC1D /* LessonDates.swift in Sources */ = {isa = PBXBuildFile; fileRef = 68EAB148232E814E005CBC1D /* LessonDates.swift */; };
		68EAB14D232E8F99005CBC1D /* UIViewController+Extension.swift in Sources */ = {isa = PBXBuildFile; fileRef = 68EAB14C232E8F99005CBC1D /* UIViewController+Extension.swift */; };
		68EB1922233E588C0092589B /* Address.swift in Sources */ = {isa = PBXBuildFile; fileRef = 68EB1921233E588C0092589B /* Address.swift */; };
		68EB1924233E68DE0092589B /* Phone.swift in Sources */ = {isa = PBXBuildFile; fileRef = 68EB1923233E68DE0092589B /* Phone.swift */; };
		68EB1927233E715E0092589B /* Achievement.swift in Sources */ = {isa = PBXBuildFile; fileRef = 68EB1926233E715E0092589B /* Achievement.swift */; };
		68EB1929233E74820092589B /* TeacherName.swift in Sources */ = {isa = PBXBuildFile; fileRef = 68EB1928233E74820092589B /* TeacherName.swift */; };
		68EB192B233E81B50092589B /* TeacherInfo.swift in Sources */ = {isa = PBXBuildFile; fileRef = 68EB192A233E81B50092589B /* TeacherInfo.swift */; };
		68EB192E233E9E0A0092589B /* PDFCategory.swift in Sources */ = {isa = PBXBuildFile; fileRef = 68EB192D233E9E0A0092589B /* PDFCategory.swift */; };
		68EB1931233E9F0B0092589B /* Student.swift in Sources */ = {isa = PBXBuildFile; fileRef = 68EB1930233E9F0B0092589B /* Student.swift */; };
		68EB1933233EA3560092589B /* Pdf.swift in Sources */ = {isa = PBXBuildFile; fileRef = 68EB1932233EA3560092589B /* Pdf.swift */; };
		68EC10A123390260000654D4 /* Question.swift in Sources */ = {isa = PBXBuildFile; fileRef = 68EC10A023390260000654D4 /* Question.swift */; };
		68EC10A723392EA7000654D4 /* AskUsTableViewCell.swift in Sources */ = {isa = PBXBuildFile; fileRef = 68EC10A623392EA7000654D4 /* AskUsTableViewCell.swift */; };
		68F01928233676F800221D33 /* CreateTrueFalseQuestionViewController.swift in Sources */ = {isa = PBXBuildFile; fileRef = 68F01927233676F800221D33 /* CreateTrueFalseQuestionViewController.swift */; };
		68F97591232FF40D007BFFD0 /* MenuCollectionViewCell.swift in Sources */ = {isa = PBXBuildFile; fileRef = 68F97590232FF40C007BFFD0 /* MenuCollectionViewCell.swift */; };
		68F9759523302358007BFFD0 /* SelectStudentViewController.swift in Sources */ = {isa = PBXBuildFile; fileRef = 68F9759423302358007BFFD0 /* SelectStudentViewController.swift */; };
		68F988CC23530ABD00A62BC4 /* LongPressGesture.swift in Sources */ = {isa = PBXBuildFile; fileRef = 68F988CB23530ABD00A62BC4 /* LongPressGesture.swift */; };
		68FED467232A7F45000A5A7C /* AppDelegate.swift in Sources */ = {isa = PBXBuildFile; fileRef = 68FED466232A7F45000A5A7C /* AppDelegate.swift */; };
		68FED46C232A7F45000A5A7C /* Main.storyboard in Resources */ = {isa = PBXBuildFile; fileRef = 68FED46A232A7F45000A5A7C /* Main.storyboard */; };
		68FED46E232A7F52000A5A7C /* Assets.xcassets in Resources */ = {isa = PBXBuildFile; fileRef = 68FED46D232A7F52000A5A7C /* Assets.xcassets */; };
		68FED471232A7F52000A5A7C /* LaunchScreen.storyboard in Resources */ = {isa = PBXBuildFile; fileRef = 68FED46F232A7F52000A5A7C /* LaunchScreen.storyboard */; };
		68FFB90523351171003B7D49 /* ChaptersViewController.swift in Sources */ = {isa = PBXBuildFile; fileRef = 68FFB90423351171003B7D49 /* ChaptersViewController.swift */; };
		68FFB90823351430003B7D49 /* ChapterTableViewCell.swift in Sources */ = {isa = PBXBuildFile; fileRef = 68FFB90723351430003B7D49 /* ChapterTableViewCell.swift */; };
		9B2CD2E02528B2720054F0C0 /* AdminMaxId.swift in Sources */ = {isa = PBXBuildFile; fileRef = 9B2CD2DF2528B2720054F0C0 /* AdminMaxId.swift */; };
		9B2E272C252A1E0100E06334 /* StudentsQuestionsViewController.swift in Sources */ = {isa = PBXBuildFile; fileRef = 9B2E272B252A1E0100E06334 /* StudentsQuestionsViewController.swift */; };
		9B2E2F0E24FD09C40003E5BA /* AvailableTeachersViewController.swift in Sources */ = {isa = PBXBuildFile; fileRef = 9B2E2F0D24FD09C40003E5BA /* AvailableTeachersViewController.swift */; };
		9B2E2F1024FD0A850003E5BA /* TeachersTableViewCell.swift in Sources */ = {isa = PBXBuildFile; fileRef = 9B2E2F0F24FD0A850003E5BA /* TeachersTableViewCell.swift */; };
		9B2E2F1224FD0ACC0003E5BA /* TeachersTableViewCell.xib in Resources */ = {isa = PBXBuildFile; fileRef = 9B2E2F1124FD0ACC0003E5BA /* TeachersTableViewCell.xib */; };
		9B2E2F1424FD0D310003E5BA /* Teachers.swift in Sources */ = {isa = PBXBuildFile; fileRef = 9B2E2F1324FD0D310003E5BA /* Teachers.swift */; };
		9B2EE8AD2526506D00996BE2 /* SelectLevelViewController.swift in Sources */ = {isa = PBXBuildFile; fileRef = 9B2EE8AC2526506D00996BE2 /* SelectLevelViewController.swift */; };
		9B30D4D225542FAB000CF859 /* StudentTableViewCell.swift in Sources */ = {isa = PBXBuildFile; fileRef = 9B30D4D125542FAB000CF859 /* StudentTableViewCell.swift */; };
		9B30D4D4255430D2000CF859 /* StudentData.swift in Sources */ = {isa = PBXBuildFile; fileRef = 9B30D4D3255430D2000CF859 /* StudentData.swift */; };
		9B32896E25A07D3B0049CCBA /* QuestionsTypeViewController.swift in Sources */ = {isa = PBXBuildFile; fileRef = 9B32896D25A07D3B0049CCBA /* QuestionsTypeViewController.swift */; };
		9B32897025A086D80049CCBA /* LiveExamsViewController.swift in Sources */ = {isa = PBXBuildFile; fileRef = 9B32896F25A086D80049CCBA /* LiveExamsViewController.swift */; };
		9B32897225A08B2F0049CCBA /* Exam.swift in Sources */ = {isa = PBXBuildFile; fileRef = 9B32897125A08B2F0049CCBA /* Exam.swift */; };
		9B33B60424FBB91300B74760 /* AnswerQuestionViewController.swift in Sources */ = {isa = PBXBuildFile; fileRef = 9B33B60324FBB91300B74760 /* AnswerQuestionViewController.swift */; };
		9B35562A2569E4BC0020762D /* MenuOptionTableViewCell.swift in Sources */ = {isa = PBXBuildFile; fileRef = 9B3556292569E4BC0020762D /* MenuOptionTableViewCell.swift */; };
		9B35562C2569E9970020762D /* StudentAttendanceViewController.swift in Sources */ = {isa = PBXBuildFile; fileRef = 9B35562B2569E9970020762D /* StudentAttendanceViewController.swift */; };
		9B35EDCE24FBD24F006A7314 /* ConfirmCodeViewController.swift in Sources */ = {isa = PBXBuildFile; fileRef = 9B35EDCB24FBD24F006A7314 /* ConfirmCodeViewController.swift */; };
		9B35EDCF24FBD24F006A7314 /* ConfirmPasswordViewController.swift in Sources */ = {isa = PBXBuildFile; fileRef = 9B35EDCC24FBD24F006A7314 /* ConfirmPasswordViewController.swift */; };
		9B35EDD024FBD24F006A7314 /* LoginViewController.swift in Sources */ = {isa = PBXBuildFile; fileRef = 9B35EDCD24FBD24F006A7314 /* LoginViewController.swift */; };
		9B35EDD224FBD262006A7314 /* NewRegistrationViewController.swift in Sources */ = {isa = PBXBuildFile; fileRef = 9B35EDD124FBD260006A7314 /* NewRegistrationViewController.swift */; };
		9B35EDD424FBE824006A7314 /* StudentLevel.swift in Sources */ = {isa = PBXBuildFile; fileRef = 9B35EDD324FBE824006A7314 /* StudentLevel.swift */; };
		9B35EDD624FBFA17006A7314 /* RegisterNewTeacherViewController.swift in Sources */ = {isa = PBXBuildFile; fileRef = 9B35EDD524FBFA17006A7314 /* RegisterNewTeacherViewController.swift */; };
		9B367292252B669200D03509 /* ExternalLinksViewController.swift in Sources */ = {isa = PBXBuildFile; fileRef = 9B367291252B669200D03509 /* ExternalLinksViewController.swift */; };
		9B367296252B6A0000D03509 /* ExternalLinkTableViewCell.swift in Sources */ = {isa = PBXBuildFile; fileRef = 9B367295252B6A0000D03509 /* ExternalLinkTableViewCell.swift */; };
		9B367298252B6B6E00D03509 /* ExternalLink.swift in Sources */ = {isa = PBXBuildFile; fileRef = 9B367297252B6B6E00D03509 /* ExternalLink.swift */; };
		9B649AE425011AD500130645 /* TeacherCard.swift in Sources */ = {isa = PBXBuildFile; fileRef = 9B649AE325011AD500130645 /* TeacherCard.swift */; };
		9B649AE62501744500130645 /* IsActivated.swift in Sources */ = {isa = PBXBuildFile; fileRef = 9B649AE52501744500130645 /* IsActivated.swift */; };
		9B649AE825017D5A00130645 /* GoForPayViewController.swift in Sources */ = {isa = PBXBuildFile; fileRef = 9B649AE725017D5A00130645 /* GoForPayViewController.swift */; };
		9B6D705325675B0400C33E91 /* NetworkingService.swift in Sources */ = {isa = PBXBuildFile; fileRef = 9B6D705225675B0400C33E91 /* NetworkingService.swift */; };
		9B6D705525675B5200C33E91 /* QLearnAPI.swift in Sources */ = {isa = PBXBuildFile; fileRef = 9B6D705425675B5200C33E91 /* QLearnAPI.swift */; };
		9B7EA5F925A078D700B74E76 /* LiveExam.storyboard in Resources */ = {isa = PBXBuildFile; fileRef = 9B7EA5F825A078D700B74E76 /* LiveExam.storyboard */; };
/* End PBXBuildFile section */

/* Begin PBXFileReference section */
		4863000B38209A7EC315E789 /* Pods-QLearn.debug.xcconfig */ = {isa = PBXFileReference; includeInIndex = 1; lastKnownFileType = text.xcconfig; name = "Pods-QLearn.debug.xcconfig"; path = "Target Support Files/Pods-QLearn/Pods-QLearn.debug.xcconfig"; sourceTree = "<group>"; };
		5D0A0C22233730D600D5B7EF /* ar */ = {isa = PBXFileReference; lastKnownFileType = text.plist.strings; name = ar; path = ar.lproj/Main.strings; sourceTree = "<group>"; };
		5D0A0C23233730D600D5B7EF /* ar */ = {isa = PBXFileReference; lastKnownFileType = text.plist.strings; name = ar; path = ar.lproj/LaunchScreen.strings; sourceTree = "<group>"; };
		5D0A0C272337481100D5B7EF /* en */ = {isa = PBXFileReference; lastKnownFileType = text.plist.strings; name = en; path = en.lproj/Localizable.strings; sourceTree = "<group>"; };
		5D0A0C292337482100D5B7EF /* ar */ = {isa = PBXFileReference; lastKnownFileType = text.plist.strings; name = ar; path = ar.lproj/Localizable.strings; sourceTree = "<group>"; };
		5D1977AC234015FC00C3659E /* GoQusetionAnswerViewController.swift */ = {isa = PBXFileReference; lastKnownFileType = sourcecode.swift; path = GoQusetionAnswerViewController.swift; sourceTree = "<group>"; };
		5D1977AE234029B100C3659E /* GoAskQusetionViewController.swift */ = {isa = PBXFileReference; lastKnownFileType = sourcecode.swift; path = GoAskQusetionViewController.swift; sourceTree = "<group>"; };
		5D1E2AF02336067A007715DD /* CreateMcqQuestionViewController.swift */ = {isa = PBXFileReference; fileEncoding = 4; lastKnownFileType = sourcecode.swift; path = CreateMcqQuestionViewController.swift; sourceTree = "<group>"; };
		5D26B5742338A862000EE757 /* TrueFalseQuestionStudentViewController.swift */ = {isa = PBXFileReference; lastKnownFileType = sourcecode.swift; path = TrueFalseQuestionStudentViewController.swift; sourceTree = "<group>"; };
		5D26B5772338BC1B000EE757 /* CheckQuestionViewController.swift */ = {isa = PBXFileReference; lastKnownFileType = sourcecode.swift; path = CheckQuestionViewController.swift; sourceTree = "<group>"; };
		5D39FDA8232DEADC005C3E23 /* CvTeacherViewController.swift */ = {isa = PBXFileReference; lastKnownFileType = sourcecode.swift; path = CvTeacherViewController.swift; sourceTree = "<group>"; };
		5D4EE95B233B1BAE00347CE9 /* CircularProgressBar.swift */ = {isa = PBXFileReference; fileEncoding = 4; lastKnownFileType = sourcecode.swift; name = CircularProgressBar.swift; path = ../../CircularProgressBar.swift; sourceTree = "<group>"; };
		5D4EFD5623330B2C0005F7FE /* AddNewNewsTableView.swift */ = {isa = PBXFileReference; lastKnownFileType = sourcecode.swift; path = AddNewNewsTableView.swift; sourceTree = "<group>"; };
		5D4EFD5923330B750005F7FE /* AddTeachersTableView.swift */ = {isa = PBXFileReference; lastKnownFileType = sourcecode.swift; path = AddTeachersTableView.swift; sourceTree = "<group>"; };
		5D4EFD5B23330BC80005F7FE /* AddNewNewsTableViewCell.swift */ = {isa = PBXFileReference; lastKnownFileType = sourcecode.swift; path = AddNewNewsTableViewCell.swift; sourceTree = "<group>"; };
		5D4EFD5D23330BDF0005F7FE /* AddTeachersTableViewCell.swift */ = {isa = PBXFileReference; lastKnownFileType = sourcecode.swift; path = AddTeachersTableViewCell.swift; sourceTree = "<group>"; };
		5D515F85232C68FC00F4618A /* HomeViewController.swift */ = {isa = PBXFileReference; lastKnownFileType = sourcecode.swift; path = HomeViewController.swift; sourceTree = "<group>"; };
		5D7AF778232E0BBD0075BC0C /* CvTeacherTableViewCell.swift */ = {isa = PBXFileReference; lastKnownFileType = sourcecode.swift; name = CvTeacherTableViewCell.swift; path = ../CvTeacherTableViewCell.swift; sourceTree = "<group>"; };
		5D7AF77A232E0E120075BC0C /* ContactUsViewController.swift */ = {isa = PBXFileReference; lastKnownFileType = sourcecode.swift; path = ContactUsViewController.swift; sourceTree = "<group>"; };
		5D89BC6C233068D6000E0F9A /* AchievementsTableViewCell.swift */ = {isa = PBXFileReference; fileEncoding = 4; lastKnownFileType = sourcecode.swift; name = AchievementsTableViewCell.swift; path = ../AchievementsTableViewCell.swift; sourceTree = "<group>"; };
		5D89BC6E23307232000E0F9A /* OfficePhoneNumbersTableViewCell.swift */ = {isa = PBXFileReference; lastKnownFileType = sourcecode.swift; name = OfficePhoneNumbersTableViewCell.swift; path = ../OfficePhoneNumbersTableViewCell.swift; sourceTree = "<group>"; };
		5D89BC7023307299000E0F9A /* AddressesTableViewCell.swift */ = {isa = PBXFileReference; lastKnownFileType = sourcecode.swift; name = AddressesTableViewCell.swift; path = ../AddressesTableViewCell.swift; sourceTree = "<group>"; };
		5DBEA73823438E0800C6333A /* AllNews.swift */ = {isa = PBXFileReference; fileEncoding = 4; lastKnownFileType = sourcecode.swift; path = AllNews.swift; sourceTree = "<group>"; };
		5DBEA73A2343917400C6333A /* TeacherDrobMenu.swift */ = {isa = PBXFileReference; lastKnownFileType = sourcecode.swift; path = TeacherDrobMenu.swift; sourceTree = "<group>"; };
		5DBEA73D2343BA8B00C6333A /* Admin.swift */ = {isa = PBXFileReference; lastKnownFileType = sourcecode.swift; path = Admin.swift; sourceTree = "<group>"; };
		5DE73D7F2339E16500696190 /* EssayQuestionsStudentViewController.swift */ = {isa = PBXFileReference; lastKnownFileType = sourcecode.swift; path = EssayQuestionsStudentViewController.swift; sourceTree = "<group>"; };
		5DE88705233DFA9A007A5D0A /* AllQuestionChapterViewController.swift */ = {isa = PBXFileReference; lastKnownFileType = sourcecode.swift; path = AllQuestionChapterViewController.swift; sourceTree = "<group>"; };
		5DE88707233DFAD5007A5D0A /* AllQuestionChapterCell.swift */ = {isa = PBXFileReference; lastKnownFileType = sourcecode.swift; path = AllQuestionChapterCell.swift; sourceTree = "<group>"; };
		681BFF742337E3F80086FDF4 /* SPRadioButton.swift */ = {isa = PBXFileReference; lastKnownFileType = sourcecode.swift; path = SPRadioButton.swift; sourceTree = "<group>"; };
		681D59AC235E1CB60001554B /* Date+Extension.swift */ = {isa = PBXFileReference; lastKnownFileType = sourcecode.swift; path = "Date+Extension.swift"; sourceTree = "<group>"; };
		681E91022347FC21008FA842 /* UIView+Extension.swift */ = {isa = PBXFileReference; lastKnownFileType = sourcecode.swift; path = "UIView+Extension.swift"; sourceTree = "<group>"; };
		681E910423484762008FA842 /* FileDownloader.swift */ = {isa = PBXFileReference; lastKnownFileType = sourcecode.swift; path = FileDownloader.swift; sourceTree = "<group>"; };
		6827A4CE2343EF3C00FF4AD9 /* Parent.swift */ = {isa = PBXFileReference; lastKnownFileType = sourcecode.swift; path = Parent.swift; sourceTree = "<group>"; };
		6827A4D0234459D800FF4AD9 /* AdminLogin.swift */ = {isa = PBXFileReference; lastKnownFileType = sourcecode.swift; path = AdminLogin.swift; sourceTree = "<group>"; };
		683239FC23381D81002DACBF /* SearchQuestionsViewController.swift */ = {isa = PBXFileReference; lastKnownFileType = sourcecode.swift; path = SearchQuestionsViewController.swift; sourceTree = "<group>"; };
		683239FE23381DAC002DACBF /* SearchQuestionsTableViewCell.swift */ = {isa = PBXFileReference; lastKnownFileType = sourcecode.swift; path = SearchQuestionsTableViewCell.swift; sourceTree = "<group>"; };
		683C82D5234172FF008702FE /* SchoolUser.swift */ = {isa = PBXFileReference; lastKnownFileType = sourcecode.swift; path = SchoolUser.swift; sourceTree = "<group>"; };
		684470E0233C1845003A717B /* AskTeacherViewController.swift */ = {isa = PBXFileReference; lastKnownFileType = sourcecode.swift; path = AskTeacherViewController.swift; sourceTree = "<group>"; };
		684470E2233C206D003A717B /* MyQuestionsViewController.swift */ = {isa = PBXFileReference; lastKnownFileType = sourcecode.swift; path = MyQuestionsViewController.swift; sourceTree = "<group>"; };
		684470E6233C2FA7003A717B /* MyQuestionsTableViewCell.swift */ = {isa = PBXFileReference; lastKnownFileType = sourcecode.swift; path = MyQuestionsTableViewCell.swift; sourceTree = "<group>"; };
		685ADB692347535E001C3F52 /* CorrectAnswerViewController.swift */ = {isa = PBXFileReference; lastKnownFileType = sourcecode.swift; path = CorrectAnswerViewController.swift; sourceTree = "<group>"; };
		6867243F233FA2B0002E9763 /* Chapter.swift */ = {isa = PBXFileReference; lastKnownFileType = sourcecode.swift; path = Chapter.swift; sourceTree = "<group>"; };
		686D748D2333C00500F2FE34 /* TypeTableViewCell.swift */ = {isa = PBXFileReference; lastKnownFileType = sourcecode.swift; path = TypeTableViewCell.swift; sourceTree = "<group>"; };
		6875649C2333C1D400871F5C /* AvailableTypesViewController.swift */ = {isa = PBXFileReference; lastKnownFileType = sourcecode.swift; path = AvailableTypesViewController.swift; sourceTree = "<group>"; };
		6879617E2368E1E100968B63 /* String+Extension.swift */ = {isa = PBXFileReference; lastKnownFileType = sourcecode.swift; path = "String+Extension.swift"; sourceTree = "<group>"; };
		689EB3532333CF6800D17EC8 /* PDFTypeViewController.swift */ = {isa = PBXFileReference; lastKnownFileType = sourcecode.swift; path = PDFTypeViewController.swift; sourceTree = "<group>"; };
		689EB3562333E29700D17EC8 /* PDFTableViewCell.swift */ = {isa = PBXFileReference; lastKnownFileType = sourcecode.swift; path = PDFTableViewCell.swift; sourceTree = "<group>"; };
		689EB3592334037900D17EC8 /* QuestionsBagViewController.swift */ = {isa = PBXFileReference; lastKnownFileType = sourcecode.swift; path = QuestionsBagViewController.swift; sourceTree = "<group>"; };
		68C4FB712332C49A001E287B /* SlidingText.swift */ = {isa = PBXFileReference; lastKnownFileType = sourcecode.swift; path = SlidingText.swift; sourceTree = "<group>"; };
		68E432592345217000AD5544 /* EvaluateAnswerViewController.swift */ = {isa = PBXFileReference; lastKnownFileType = sourcecode.swift; path = EvaluateAnswerViewController.swift; sourceTree = "<group>"; };
		68E4325D234535D800AD5544 /* FullQuestion.swift */ = {isa = PBXFileReference; lastKnownFileType = sourcecode.swift; path = FullQuestion.swift; sourceTree = "<group>"; };
		68E49457233543080090E0F8 /* CreateEssayQuestionViewController.swift */ = {isa = PBXFileReference; lastKnownFileType = sourcecode.swift; path = CreateEssayQuestionViewController.swift; sourceTree = "<group>"; };
		68E494592335497B0090E0F8 /* HairlineConstraint.swift */ = {isa = PBXFileReference; lastKnownFileType = sourcecode.swift; path = HairlineConstraint.swift; sourceTree = "<group>"; };
		68E4ED332331196200F79C7F /* MonthGrade.swift */ = {isa = PBXFileReference; lastKnownFileType = sourcecode.swift; path = MonthGrade.swift; sourceTree = "<group>"; };
		68E4ED35233119C000F79C7F /* Attendance.swift */ = {isa = PBXFileReference; lastKnownFileType = sourcecode.swift; path = Attendance.swift; sourceTree = "<group>"; };
		68E4ED3723311D8000F79C7F /* UILabel+Extension.swift */ = {isa = PBXFileReference; lastKnownFileType = sourcecode.swift; path = "UILabel+Extension.swift"; sourceTree = "<group>"; };
		68E4ED3C23312AEB00F79C7F /* WeekGradesTableViewCell.swift */ = {isa = PBXFileReference; lastKnownFileType = sourcecode.swift; path = WeekGradesTableViewCell.swift; sourceTree = "<group>"; };
		68E4ED3E23312B0100F79C7F /* MonthGradesTableViewCell.swift */ = {isa = PBXFileReference; lastKnownFileType = sourcecode.swift; path = MonthGradesTableViewCell.swift; sourceTree = "<group>"; };
		68E4ED4023312B2800F79C7F /* AttendanceTableViewCell.swift */ = {isa = PBXFileReference; lastKnownFileType = sourcecode.swift; path = AttendanceTableViewCell.swift; sourceTree = "<group>"; };
		68E4ED42233162EA00F79C7F /* User.swift */ = {isa = PBXFileReference; lastKnownFileType = sourcecode.swift; path = User.swift; sourceTree = "<group>"; };
		68E51B0A232AB2CF00FF48A6 /* HomeTableViewCell.swift */ = {isa = PBXFileReference; lastKnownFileType = sourcecode.swift; path = HomeTableViewCell.swift; sourceTree = "<group>"; };
		68E51B0C232AB38200FF48A6 /* ShadowView.swift */ = {isa = PBXFileReference; fileEncoding = 4; lastKnownFileType = sourcecode.swift; path = ShadowView.swift; sourceTree = "<group>"; };
		68E51B10232AD61000FF48A6 /* Client.swift */ = {isa = PBXFileReference; lastKnownFileType = sourcecode.swift; path = Client.swift; sourceTree = "<group>"; };
		68E6597A235B270F00A70D07 /* GoogleService-Info.plist */ = {isa = PBXFileReference; fileEncoding = 4; lastKnownFileType = text.plist.xml; path = "GoogleService-Info.plist"; sourceTree = "<group>"; };
		68E71D08232D2C25007D016A /* TimetableViewController.swift */ = {isa = PBXFileReference; lastKnownFileType = sourcecode.swift; path = TimetableViewController.swift; sourceTree = "<group>"; };
		68E71D0B232D46D3007D016A /* UIButton+Extension.swift */ = {isa = PBXFileReference; lastKnownFileType = sourcecode.swift; path = "UIButton+Extension.swift"; sourceTree = "<group>"; };
		68E71D0D232D54C4007D016A /* StudentReportViewController.swift */ = {isa = PBXFileReference; lastKnownFileType = sourcecode.swift; path = StudentReportViewController.swift; sourceTree = "<group>"; };
		68E71D11232D748D007D016A /* SideMenuTableViewController.swift */ = {isa = PBXFileReference; lastKnownFileType = sourcecode.swift; path = SideMenuTableViewController.swift; sourceTree = "<group>"; };
		68E76D48233A7C9900C397F7 /* AddPdfViewController.swift */ = {isa = PBXFileReference; lastKnownFileType = sourcecode.swift; path = AddPdfViewController.swift; sourceTree = "<group>"; };
		68E76D6C233AB02300C397F7 /* Dictionary+Extension.swift */ = {isa = PBXFileReference; lastKnownFileType = sourcecode.swift; path = "Dictionary+Extension.swift"; sourceTree = "<group>"; };
		68E7E07C23430725000196F2 /* StudentLogin.swift */ = {isa = PBXFileReference; lastKnownFileType = sourcecode.swift; path = StudentLogin.swift; sourceTree = "<group>"; };
		68EA9A782341A12000A4D420 /* QuestionsCount.swift */ = {isa = PBXFileReference; lastKnownFileType = sourcecode.swift; path = QuestionsCount.swift; sourceTree = "<group>"; };
		68EA9A7A2341AF0500A4D420 /* RightAnswers.swift */ = {isa = PBXFileReference; lastKnownFileType = sourcecode.swift; path = RightAnswers.swift; sourceTree = "<group>"; };
		68EAB148232E814E005CBC1D /* LessonDates.swift */ = {isa = PBXFileReference; lastKnownFileType = sourcecode.swift; path = LessonDates.swift; sourceTree = "<group>"; };
		68EAB14C232E8F99005CBC1D /* UIViewController+Extension.swift */ = {isa = PBXFileReference; lastKnownFileType = sourcecode.swift; path = "UIViewController+Extension.swift"; sourceTree = "<group>"; };
		68EB1921233E588C0092589B /* Address.swift */ = {isa = PBXFileReference; lastKnownFileType = sourcecode.swift; path = Address.swift; sourceTree = "<group>"; };
		68EB1923233E68DE0092589B /* Phone.swift */ = {isa = PBXFileReference; lastKnownFileType = sourcecode.swift; path = Phone.swift; sourceTree = "<group>"; };
		68EB1926233E715E0092589B /* Achievement.swift */ = {isa = PBXFileReference; lastKnownFileType = sourcecode.swift; path = Achievement.swift; sourceTree = "<group>"; };
		68EB1928233E74820092589B /* TeacherName.swift */ = {isa = PBXFileReference; lastKnownFileType = sourcecode.swift; path = TeacherName.swift; sourceTree = "<group>"; };
		68EB192A233E81B50092589B /* TeacherInfo.swift */ = {isa = PBXFileReference; lastKnownFileType = sourcecode.swift; path = TeacherInfo.swift; sourceTree = "<group>"; };
		68EB192D233E9E0A0092589B /* PDFCategory.swift */ = {isa = PBXFileReference; lastKnownFileType = sourcecode.swift; path = PDFCategory.swift; sourceTree = "<group>"; };
		68EB1930233E9F0B0092589B /* Student.swift */ = {isa = PBXFileReference; lastKnownFileType = sourcecode.swift; path = Student.swift; sourceTree = "<group>"; };
		68EB1932233EA3560092589B /* Pdf.swift */ = {isa = PBXFileReference; lastKnownFileType = sourcecode.swift; path = Pdf.swift; sourceTree = "<group>"; };
		68EC10A023390260000654D4 /* Question.swift */ = {isa = PBXFileReference; lastKnownFileType = sourcecode.swift; path = Question.swift; sourceTree = "<group>"; };
		68EC10A623392EA7000654D4 /* AskUsTableViewCell.swift */ = {isa = PBXFileReference; lastKnownFileType = sourcecode.swift; path = AskUsTableViewCell.swift; sourceTree = "<group>"; };
		68F01927233676F800221D33 /* CreateTrueFalseQuestionViewController.swift */ = {isa = PBXFileReference; lastKnownFileType = sourcecode.swift; path = CreateTrueFalseQuestionViewController.swift; sourceTree = "<group>"; };
		68F97590232FF40C007BFFD0 /* MenuCollectionViewCell.swift */ = {isa = PBXFileReference; fileEncoding = 4; lastKnownFileType = sourcecode.swift; name = MenuCollectionViewCell.swift; path = ../MenuCollectionViewCell.swift; sourceTree = "<group>"; };
		68F9759423302358007BFFD0 /* SelectStudentViewController.swift */ = {isa = PBXFileReference; lastKnownFileType = sourcecode.swift; path = SelectStudentViewController.swift; sourceTree = "<group>"; };
		68F988CB23530ABD00A62BC4 /* LongPressGesture.swift */ = {isa = PBXFileReference; lastKnownFileType = sourcecode.swift; path = LongPressGesture.swift; sourceTree = "<group>"; };
		68FED463232A7F45000A5A7C /* QLearn.app */ = {isa = PBXFileReference; explicitFileType = wrapper.application; includeInIndex = 0; path = QLearn.app; sourceTree = BUILT_PRODUCTS_DIR; };
		68FED466232A7F45000A5A7C /* AppDelegate.swift */ = {isa = PBXFileReference; lastKnownFileType = sourcecode.swift; path = AppDelegate.swift; sourceTree = "<group>"; };
		68FED46B232A7F45000A5A7C /* Base */ = {isa = PBXFileReference; lastKnownFileType = file.storyboard; name = Base; path = Base.lproj/Main.storyboard; sourceTree = "<group>"; };
		68FED46D232A7F52000A5A7C /* Assets.xcassets */ = {isa = PBXFileReference; lastKnownFileType = folder.assetcatalog; path = Assets.xcassets; sourceTree = "<group>"; };
		68FED470232A7F52000A5A7C /* Base */ = {isa = PBXFileReference; lastKnownFileType = file.storyboard; name = Base; path = Base.lproj/LaunchScreen.storyboard; sourceTree = "<group>"; };
		68FED472232A7F52000A5A7C /* Info.plist */ = {isa = PBXFileReference; lastKnownFileType = text.plist.xml; path = Info.plist; sourceTree = "<group>"; };
		68FFB90423351171003B7D49 /* ChaptersViewController.swift */ = {isa = PBXFileReference; lastKnownFileType = sourcecode.swift; path = ChaptersViewController.swift; sourceTree = "<group>"; };
		68FFB90723351430003B7D49 /* ChapterTableViewCell.swift */ = {isa = PBXFileReference; lastKnownFileType = sourcecode.swift; path = ChapterTableViewCell.swift; sourceTree = "<group>"; };
		8E45E735C03497F107116A05 /* Pods_QLearn.framework */ = {isa = PBXFileReference; explicitFileType = wrapper.framework; includeInIndex = 0; path = Pods_QLearn.framework; sourceTree = BUILT_PRODUCTS_DIR; };
		9B2CD2DF2528B2720054F0C0 /* AdminMaxId.swift */ = {isa = PBXFileReference; lastKnownFileType = sourcecode.swift; path = AdminMaxId.swift; sourceTree = "<group>"; };
		9B2E272B252A1E0100E06334 /* StudentsQuestionsViewController.swift */ = {isa = PBXFileReference; lastKnownFileType = sourcecode.swift; path = StudentsQuestionsViewController.swift; sourceTree = "<group>"; };
		9B2E2F0D24FD09C40003E5BA /* AvailableTeachersViewController.swift */ = {isa = PBXFileReference; lastKnownFileType = sourcecode.swift; path = AvailableTeachersViewController.swift; sourceTree = "<group>"; };
		9B2E2F0F24FD0A850003E5BA /* TeachersTableViewCell.swift */ = {isa = PBXFileReference; lastKnownFileType = sourcecode.swift; path = TeachersTableViewCell.swift; sourceTree = "<group>"; };
		9B2E2F1124FD0ACC0003E5BA /* TeachersTableViewCell.xib */ = {isa = PBXFileReference; lastKnownFileType = file.xib; path = TeachersTableViewCell.xib; sourceTree = "<group>"; };
		9B2E2F1324FD0D310003E5BA /* Teachers.swift */ = {isa = PBXFileReference; lastKnownFileType = sourcecode.swift; path = Teachers.swift; sourceTree = "<group>"; };
		9B2EE8AC2526506D00996BE2 /* SelectLevelViewController.swift */ = {isa = PBXFileReference; lastKnownFileType = sourcecode.swift; path = SelectLevelViewController.swift; sourceTree = "<group>"; };
		9B30D4D125542FAB000CF859 /* StudentTableViewCell.swift */ = {isa = PBXFileReference; lastKnownFileType = sourcecode.swift; path = StudentTableViewCell.swift; sourceTree = "<group>"; };
		9B30D4D3255430D2000CF859 /* StudentData.swift */ = {isa = PBXFileReference; lastKnownFileType = sourcecode.swift; path = StudentData.swift; sourceTree = "<group>"; };
		9B32896D25A07D3B0049CCBA /* QuestionsTypeViewController.swift */ = {isa = PBXFileReference; lastKnownFileType = sourcecode.swift; path = QuestionsTypeViewController.swift; sourceTree = "<group>"; };
		9B32896F25A086D80049CCBA /* LiveExamsViewController.swift */ = {isa = PBXFileReference; lastKnownFileType = sourcecode.swift; path = LiveExamsViewController.swift; sourceTree = "<group>"; };
		9B32897125A08B2F0049CCBA /* Exam.swift */ = {isa = PBXFileReference; lastKnownFileType = sourcecode.swift; path = Exam.swift; sourceTree = "<group>"; };
		9B33B60324FBB91300B74760 /* AnswerQuestionViewController.swift */ = {isa = PBXFileReference; fileEncoding = 4; lastKnownFileType = sourcecode.swift; path = AnswerQuestionViewController.swift; sourceTree = "<group>"; };
		9B3556292569E4BC0020762D /* MenuOptionTableViewCell.swift */ = {isa = PBXFileReference; lastKnownFileType = sourcecode.swift; path = MenuOptionTableViewCell.swift; sourceTree = "<group>"; };
		9B35562B2569E9970020762D /* StudentAttendanceViewController.swift */ = {isa = PBXFileReference; lastKnownFileType = sourcecode.swift; path = StudentAttendanceViewController.swift; sourceTree = "<group>"; };
		9B35EDCB24FBD24F006A7314 /* ConfirmCodeViewController.swift */ = {isa = PBXFileReference; fileEncoding = 4; lastKnownFileType = sourcecode.swift; name = ConfirmCodeViewController.swift; path = QLearn/Controller/ConfirmCodeViewController.swift; sourceTree = SOURCE_ROOT; };
		9B35EDCC24FBD24F006A7314 /* ConfirmPasswordViewController.swift */ = {isa = PBXFileReference; fileEncoding = 4; lastKnownFileType = sourcecode.swift; name = ConfirmPasswordViewController.swift; path = QLearn/Controller/ConfirmPasswordViewController.swift; sourceTree = SOURCE_ROOT; };
		9B35EDCD24FBD24F006A7314 /* LoginViewController.swift */ = {isa = PBXFileReference; fileEncoding = 4; lastKnownFileType = sourcecode.swift; name = LoginViewController.swift; path = QLearn/Controller/LoginViewController.swift; sourceTree = SOURCE_ROOT; };
		9B35EDD124FBD260006A7314 /* NewRegistrationViewController.swift */ = {isa = PBXFileReference; fileEncoding = 4; lastKnownFileType = sourcecode.swift; name = NewRegistrationViewController.swift; path = QLearn/Controller/NewRegistrationViewController.swift; sourceTree = SOURCE_ROOT; };
		9B35EDD324FBE824006A7314 /* StudentLevel.swift */ = {isa = PBXFileReference; lastKnownFileType = sourcecode.swift; path = StudentLevel.swift; sourceTree = "<group>"; };
		9B35EDD524FBFA17006A7314 /* RegisterNewTeacherViewController.swift */ = {isa = PBXFileReference; lastKnownFileType = sourcecode.swift; name = RegisterNewTeacherViewController.swift; path = QLearn/Models/Auth/RegisterNewTeacherViewController.swift; sourceTree = SOURCE_ROOT; };
		9B367291252B669200D03509 /* ExternalLinksViewController.swift */ = {isa = PBXFileReference; lastKnownFileType = sourcecode.swift; path = ExternalLinksViewController.swift; sourceTree = "<group>"; };
		9B367295252B6A0000D03509 /* ExternalLinkTableViewCell.swift */ = {isa = PBXFileReference; lastKnownFileType = sourcecode.swift; path = ExternalLinkTableViewCell.swift; sourceTree = "<group>"; };
		9B367297252B6B6E00D03509 /* ExternalLink.swift */ = {isa = PBXFileReference; lastKnownFileType = sourcecode.swift; path = ExternalLink.swift; sourceTree = "<group>"; };
		9B649AE325011AD500130645 /* TeacherCard.swift */ = {isa = PBXFileReference; lastKnownFileType = sourcecode.swift; path = TeacherCard.swift; sourceTree = "<group>"; };
		9B649AE52501744500130645 /* IsActivated.swift */ = {isa = PBXFileReference; lastKnownFileType = sourcecode.swift; path = IsActivated.swift; sourceTree = "<group>"; };
		9B649AE725017D5A00130645 /* GoForPayViewController.swift */ = {isa = PBXFileReference; lastKnownFileType = sourcecode.swift; path = GoForPayViewController.swift; sourceTree = "<group>"; };
		9B6D705225675B0400C33E91 /* NetworkingService.swift */ = {isa = PBXFileReference; lastKnownFileType = sourcecode.swift; path = NetworkingService.swift; sourceTree = "<group>"; };
		9B6D705425675B5200C33E91 /* QLearnAPI.swift */ = {isa = PBXFileReference; lastKnownFileType = sourcecode.swift; path = QLearnAPI.swift; sourceTree = "<group>"; };
		9B7EA5F825A078D700B74E76 /* LiveExam.storyboard */ = {isa = PBXFileReference; lastKnownFileType = file.storyboard; path = LiveExam.storyboard; sourceTree = "<group>"; };
		DF38D15381E1797DF11DAED3 /* Pods-QLearn.release.xcconfig */ = {isa = PBXFileReference; includeInIndex = 1; lastKnownFileType = text.xcconfig; name = "Pods-QLearn.release.xcconfig"; path = "Target Support Files/Pods-QLearn/Pods-QLearn.release.xcconfig"; sourceTree = "<group>"; };
/* End PBXFileReference section */

/* Begin PBXFrameworksBuildPhase section */
		68FED460232A7F45000A5A7C /* Frameworks */ = {
			isa = PBXFrameworksBuildPhase;
			buildActionMask = 2147483647;
			files = (
				00A0913501EB4F47F6D9CF2E /* Pods_QLearn.framework in Frameworks */,
			);
			runOnlyForDeploymentPostprocessing = 0;
		};
/* End PBXFrameworksBuildPhase section */

/* Begin PBXGroup section */
		5C7214858599F9189359A542 /* Frameworks */ = {
			isa = PBXGroup;
			children = (
				8E45E735C03497F107116A05 /* Pods_QLearn.framework */,
			);
			name = Frameworks;
			sourceTree = "<group>";
		};
		5D26B5762338A8C8000EE757 /* Student */ = {
			isa = PBXGroup;
			children = (
				5DE73D7F2339E16500696190 /* EssayQuestionsStudentViewController.swift */,
				5D26B5772338BC1B000EE757 /* CheckQuestionViewController.swift */,
				5D26B5742338A862000EE757 /* TrueFalseQuestionStudentViewController.swift */,
				68E432592345217000AD5544 /* EvaluateAnswerViewController.swift */,
				685ADB692347535E001C3F52 /* CorrectAnswerViewController.swift */,
			);
			path = Student;
			sourceTree = "<group>";
		};
		5D4EFD5823330B390005F7FE /* Admin */ = {
			isa = PBXGroup;
			children = (
				5D4EFD5623330B2C0005F7FE /* AddNewNewsTableView.swift */,
				5D4EFD5923330B750005F7FE /* AddTeachersTableView.swift */,
				9B2EE8AC2526506D00996BE2 /* SelectLevelViewController.swift */,
			);
			path = Admin;
			sourceTree = "<group>";
		};
		5D4EFD5F23330BE60005F7FE /* DrobMenuTableViewCell */ = {
			isa = PBXGroup;
			children = (
				5D4EFD5B23330BC80005F7FE /* AddNewNewsTableViewCell.swift */,
				5D4EFD5D23330BDF0005F7FE /* AddTeachersTableViewCell.swift */,
			);
			path = DrobMenuTableViewCell;
			sourceTree = "<group>";
		};
		5D515F87232C690200F4618A /* Controller */ = {
			isa = PBXGroup;
			children = (
				9B32896C25A07D0D0049CCBA /* LiveExam */,
				5D515F85232C68FC00F4618A /* HomeViewController.swift */,
				68E71D11232D748D007D016A /* SideMenuTableViewController.swift */,
				68E71D08232D2C25007D016A /* TimetableViewController.swift */,
				5D39FDA8232DEADC005C3E23 /* CvTeacherViewController.swift */,
				5D7AF77A232E0E120075BC0C /* ContactUsViewController.swift */,
				6875649C2333C1D400871F5C /* AvailableTypesViewController.swift */,
				9B2E2F0D24FD09C40003E5BA /* AvailableTeachersViewController.swift */,
				681D59AE235E30070001554B /* Auth */,
				689EB3582334032E00D17EC8 /* Questions Bag */,
				68EC10A223391FC6000654D4 /* Ask Us */,
				6875649B2333C1AA00871F5C /* Uploaded PDFs */,
				686D748C2333B27100F2FE34 /* Student Report */,
				5D4EFD5823330B390005F7FE /* Admin */,
				9B649AE725017D5A00130645 /* GoForPayViewController.swift */,
				9B367291252B669200D03509 /* ExternalLinksViewController.swift */,
				9B35562B2569E9970020762D /* StudentAttendanceViewController.swift */,
			);
			path = Controller;
			sourceTree = "<group>";
		};
		5DBEA73C2343917900C6333A /* Admin */ = {
			isa = PBXGroup;
			children = (
				5DBEA73A2343917400C6333A /* TeacherDrobMenu.swift */,
			);
			path = Admin;
			sourceTree = "<group>";
		};
		5DE73D852339E4F500696190 /* StudentCell */ = {
			isa = PBXGroup;
			children = (
				68FFB90723351430003B7D49 /* ChapterTableViewCell.swift */,
			);
			path = StudentCell;
			sourceTree = "<group>";
		};
		5DE73D862339E52300696190 /* TeacherCell */ = {
			isa = PBXGroup;
			children = (
				683239FE23381DAC002DACBF /* SearchQuestionsTableViewCell.swift */,
			);
			path = TeacherCell;
			sourceTree = "<group>";
		};
		681D59AE235E30070001554B /* Auth */ = {
			isa = PBXGroup;
			children = (
				9B35EDCB24FBD24F006A7314 /* ConfirmCodeViewController.swift */,
				9B35EDCC24FBD24F006A7314 /* ConfirmPasswordViewController.swift */,
				9B35EDCD24FBD24F006A7314 /* LoginViewController.swift */,
				9B35EDD124FBD260006A7314 /* NewRegistrationViewController.swift */,
				9B35EDD524FBFA17006A7314 /* RegisterNewTeacherViewController.swift */,
			);
			path = Auth;
			sourceTree = "<group>";
		};
		683C82D223416383008702FE /* Questions Bag */ = {
			isa = PBXGroup;
			children = (
				68EA9A782341A12000A4D420 /* QuestionsCount.swift */,
				68EA9A7A2341AF0500A4D420 /* RightAnswers.swift */,
				68E4325D234535D800AD5544 /* FullQuestion.swift */,
			);
			path = "Questions Bag";
			sourceTree = "<group>";
		};
		684470DE233C17B0003A717B /* Teacher */ = {
			isa = PBXGroup;
			children = (
				9B2E272B252A1E0100E06334 /* StudentsQuestionsViewController.swift */,
				9B33B60324FBB91300B74760 /* AnswerQuestionViewController.swift */,
			);
			path = Teacher;
			sourceTree = "<group>";
		};
		684470DF233C17CE003A717B /* Student */ = {
			isa = PBXGroup;
			children = (
				5DE88705233DFA9A007A5D0A /* AllQuestionChapterViewController.swift */,
				684470E0233C1845003A717B /* AskTeacherViewController.swift */,
				684470E2233C206D003A717B /* MyQuestionsViewController.swift */,
				5D1977AE234029B100C3659E /* GoAskQusetionViewController.swift */,
				5D1977AC234015FC00C3659E /* GoQusetionAnswerViewController.swift */,
			);
			path = Student;
			sourceTree = "<group>";
		};
		684470E4233C2F6C003A717B /* Teacher */ = {
			isa = PBXGroup;
			children = (
				68EC10A623392EA7000654D4 /* AskUsTableViewCell.swift */,
			);
			path = Teacher;
			sourceTree = "<group>";
		};
		684470E5233C2F77003A717B /* Student */ = {
			isa = PBXGroup;
			children = (
				5DE88707233DFAD5007A5D0A /* AllQuestionChapterCell.swift */,
				684470E6233C2FA7003A717B /* MyQuestionsTableViewCell.swift */,
			);
			path = Student;
			sourceTree = "<group>";
		};
		6867243E233FA1E4002E9763 /* Ask Us */ = {
			isa = PBXGroup;
			children = (
				6867243F233FA2B0002E9763 /* Chapter.swift */,
				68EC10A023390260000654D4 /* Question.swift */,
			);
			path = "Ask Us";
			sourceTree = "<group>";
		};
		686D748C2333B27100F2FE34 /* Student Report */ = {
			isa = PBXGroup;
			children = (
				68F9759423302358007BFFD0 /* SelectStudentViewController.swift */,
				68E71D0D232D54C4007D016A /* StudentReportViewController.swift */,
			);
			path = "Student Report";
			sourceTree = "<group>";
		};
		6875649B2333C1AA00871F5C /* Uploaded PDFs */ = {
			isa = PBXGroup;
			children = (
				689EB3532333CF6800D17EC8 /* PDFTypeViewController.swift */,
				68E76D48233A7C9900C397F7 /* AddPdfViewController.swift */,
			);
			path = "Uploaded PDFs";
			sourceTree = "<group>";
		};
		689EB3552333E26F00D17EC8 /* Uploaded PDFs */ = {
			isa = PBXGroup;
			children = (
				686D748D2333C00500F2FE34 /* TypeTableViewCell.swift */,
				689EB3562333E29700D17EC8 /* PDFTableViewCell.swift */,
			);
			path = "Uploaded PDFs";
			sourceTree = "<group>";
		};
		689EB3582334032E00D17EC8 /* Questions Bag */ = {
			isa = PBXGroup;
			children = (
				689EB3592334037900D17EC8 /* QuestionsBagViewController.swift */,
				68FFB90423351171003B7D49 /* ChaptersViewController.swift */,
				68EC109E2338FDF5000654D4 /* Teacher */,
				5D26B5762338A8C8000EE757 /* Student */,
			);
			path = "Questions Bag";
			sourceTree = "<group>";
		};
		68E4ED39233122CE00F79C7F /* About Us */ = {
			isa = PBXGroup;
			children = (
				5D89BC6E23307232000E0F9A /* OfficePhoneNumbersTableViewCell.swift */,
				5D89BC7023307299000E0F9A /* AddressesTableViewCell.swift */,
			);
			path = "About Us";
			sourceTree = "<group>";
		};
		68E4ED3A23312A7F00F79C7F /* Teacher CV */ = {
			isa = PBXGroup;
			children = (
				5D7AF778232E0BBD0075BC0C /* CvTeacherTableViewCell.swift */,
				5D89BC6C233068D6000E0F9A /* AchievementsTableViewCell.swift */,
			);
			path = "Teacher CV";
			sourceTree = "<group>";
		};
		68E4ED3B23312A9700F79C7F /* Student Report */ = {
			isa = PBXGroup;
			children = (
				68F97590232FF40C007BFFD0 /* MenuCollectionViewCell.swift */,
				68E4ED3C23312AEB00F79C7F /* WeekGradesTableViewCell.swift */,
				68E4ED3E23312B0100F79C7F /* MonthGradesTableViewCell.swift */,
				68E4ED4023312B2800F79C7F /* AttendanceTableViewCell.swift */,
				9B30D4D125542FAB000CF859 /* StudentTableViewCell.swift */,
			);
			path = "Student Report";
			sourceTree = "<group>";
		};
		68E51B01232AA2DF00FF48A6 /* Models */ = {
			isa = PBXGroup;
			children = (
				9B66A81D2569D91E00DE7134 /* Live Exam */,
				68E7E07B234306F9000196F2 /* Auth */,
				683C82D223416383008702FE /* Questions Bag */,
				6867243E233FA1E4002E9763 /* Ask Us */,
				68EB1920233E58690092589B /* Contact Us */,
				68EB1925233E711E0092589B /* Teacher CV */,
				68EC109F2339020D000654D4 /* Student Report */,
				68EB192C233E9D960092589B /* Uploaded PDFs */,
				68EB192F233E9EE70092589B /* Users */,
				9B649AE52501744500130645 /* IsActivated.swift */,
				9B649AE325011AD500130645 /* TeacherCard.swift */,
				5DBEA73823438E0800C6333A /* AllNews.swift */,
				68EAB148232E814E005CBC1D /* LessonDates.swift */,
				9B2E2F1324FD0D310003E5BA /* Teachers.swift */,
				9B2CD2DF2528B2720054F0C0 /* AdminMaxId.swift */,
				5DBEA73C2343917900C6333A /* Admin */,
				9B367297252B6B6E00D03509 /* ExternalLink.swift */,
			);
			path = Models;
			sourceTree = "<group>";
		};
		68E51B02232AA2F700FF48A6 /* Views */ = {
			isa = PBXGroup;
			children = (
				68E51B08232AB27D00FF48A6 /* Custom Views */,
				9B7EA5F725A0783000B74E76 /* Storyboards */,
				5D0A0C282337481100D5B7EF /* Localizable.strings */,
				68FED46F232A7F52000A5A7C /* LaunchScreen.storyboard */,
			);
			path = Views;
			sourceTree = "<group>";
		};
		68E51B06232AA40D00FF48A6 /* Networking */ = {
			isa = PBXGroup;
			children = (
				9B6D705125675AE800C33E91 /* Moya */,
				68E51B10232AD61000FF48A6 /* Client.swift */,
				681E910423484762008FA842 /* FileDownloader.swift */,
			);
			path = Networking;
			sourceTree = "<group>";
		};
		68E51B08232AB27D00FF48A6 /* Custom Views */ = {
			isa = PBXGroup;
			children = (
				68E51B0C232AB38200FF48A6 /* ShadowView.swift */,
				68E494592335497B0090E0F8 /* HairlineConstraint.swift */,
				68C4FB712332C49A001E287B /* SlidingText.swift */,
				681BFF742337E3F80086FDF4 /* SPRadioButton.swift */,
				5D4EE95B233B1BAE00347CE9 /* CircularProgressBar.swift */,
				68F988CB23530ABD00A62BC4 /* LongPressGesture.swift */,
				68E51B09232AB29B00FF48A6 /* Cells */,
			);
			path = "Custom Views";
			sourceTree = "<group>";
		};
		68E51B09232AB29B00FF48A6 /* Cells */ = {
			isa = PBXGroup;
			children = (
				9B3556282569E4940020762D /* SideMenu */,
				68E51B0A232AB2CF00FF48A6 /* HomeTableViewCell.swift */,
				68EC10A523392E5E000654D4 /* Ask Us */,
				68FFB906233513DE003B7D49 /* Questions Bag */,
				689EB3552333E26F00D17EC8 /* Uploaded PDFs */,
				68E4ED3B23312A9700F79C7F /* Student Report */,
				68E4ED3A23312A7F00F79C7F /* Teacher CV */,
				68E4ED39233122CE00F79C7F /* About Us */,
				5D4EFD5F23330BE60005F7FE /* DrobMenuTableViewCell */,
				9B2E2F0F24FD0A850003E5BA /* TeachersTableViewCell.swift */,
				9B2E2F1124FD0ACC0003E5BA /* TeachersTableViewCell.xib */,
				9B367295252B6A0000D03509 /* ExternalLinkTableViewCell.swift */,
			);
			path = Cells;
			sourceTree = "<group>";
		};
		68E71D0A232D46AD007D016A /* Extensions */ = {
			isa = PBXGroup;
			children = (
				68E71D0B232D46D3007D016A /* UIButton+Extension.swift */,
				68EAB14C232E8F99005CBC1D /* UIViewController+Extension.swift */,
				68E4ED3723311D8000F79C7F /* UILabel+Extension.swift */,
				68E76D6C233AB02300C397F7 /* Dictionary+Extension.swift */,
				681E91022347FC21008FA842 /* UIView+Extension.swift */,
				681D59AC235E1CB60001554B /* Date+Extension.swift */,
				6879617E2368E1E100968B63 /* String+Extension.swift */,
			);
			path = Extensions;
			sourceTree = "<group>";
		};
		68E7E07B234306F9000196F2 /* Auth */ = {
			isa = PBXGroup;
			children = (
				68E7E07C23430725000196F2 /* StudentLogin.swift */,
				6827A4D0234459D800FF4AD9 /* AdminLogin.swift */,
				9B35EDD324FBE824006A7314 /* StudentLevel.swift */,
			);
			path = Auth;
			sourceTree = "<group>";
		};
		68EB1920233E58690092589B /* Contact Us */ = {
			isa = PBXGroup;
			children = (
				68EB1921233E588C0092589B /* Address.swift */,
				68EB1923233E68DE0092589B /* Phone.swift */,
				68EB1928233E74820092589B /* TeacherName.swift */,
			);
			path = "Contact Us";
			sourceTree = "<group>";
		};
		68EB1925233E711E0092589B /* Teacher CV */ = {
			isa = PBXGroup;
			children = (
				68EB1926233E715E0092589B /* Achievement.swift */,
				68EB192A233E81B50092589B /* TeacherInfo.swift */,
			);
			path = "Teacher CV";
			sourceTree = "<group>";
		};
		68EB192C233E9D960092589B /* Uploaded PDFs */ = {
			isa = PBXGroup;
			children = (
				68EB192D233E9E0A0092589B /* PDFCategory.swift */,
				68EB1932233EA3560092589B /* Pdf.swift */,
			);
			path = "Uploaded PDFs";
			sourceTree = "<group>";
		};
		68EB192F233E9EE70092589B /* Users */ = {
			isa = PBXGroup;
			children = (
				5DBEA73D2343BA8B00C6333A /* Admin.swift */,
				68E4ED42233162EA00F79C7F /* User.swift */,
				68EB1930233E9F0B0092589B /* Student.swift */,
				683C82D5234172FF008702FE /* SchoolUser.swift */,
				6827A4CE2343EF3C00FF4AD9 /* Parent.swift */,
			);
			path = Users;
			sourceTree = "<group>";
		};
		68EC109E2338FDF5000654D4 /* Teacher */ = {
			isa = PBXGroup;
			children = (
				68E49457233543080090E0F8 /* CreateEssayQuestionViewController.swift */,
				5D1E2AF02336067A007715DD /* CreateMcqQuestionViewController.swift */,
				68F01927233676F800221D33 /* CreateTrueFalseQuestionViewController.swift */,
				683239FC23381D81002DACBF /* SearchQuestionsViewController.swift */,
			);
			path = Teacher;
			sourceTree = "<group>";
		};
		68EC109F2339020D000654D4 /* Student Report */ = {
			isa = PBXGroup;
			children = (
				68E4ED332331196200F79C7F /* MonthGrade.swift */,
				68E4ED35233119C000F79C7F /* Attendance.swift */,
				9B30D4D3255430D2000CF859 /* StudentData.swift */,
			);
			path = "Student Report";
			sourceTree = "<group>";
		};
		68EC10A223391FC6000654D4 /* Ask Us */ = {
			isa = PBXGroup;
			children = (
				684470DE233C17B0003A717B /* Teacher */,
				684470DF233C17CE003A717B /* Student */,
			);
			path = "Ask Us";
			sourceTree = "<group>";
		};
		68EC10A523392E5E000654D4 /* Ask Us */ = {
			isa = PBXGroup;
			children = (
				684470E4233C2F6C003A717B /* Teacher */,
				684470E5233C2F77003A717B /* Student */,
			);
			path = "Ask Us";
			sourceTree = "<group>";
		};
		68FED45A232A7F45000A5A7C = {
			isa = PBXGroup;
			children = (
				68FED465232A7F45000A5A7C /* QLearn */,
				68FED464232A7F45000A5A7C /* Products */,
				F5EA8B42C38B4546D4F260BB /* Pods */,
				5C7214858599F9189359A542 /* Frameworks */,
			);
			sourceTree = "<group>";
		};
		68FED464232A7F45000A5A7C /* Products */ = {
			isa = PBXGroup;
			children = (
				68FED463232A7F45000A5A7C /* QLearn.app */,
			);
			name = Products;
			sourceTree = "<group>";
		};
		68FED465232A7F45000A5A7C /* QLearn */ = {
			isa = PBXGroup;
			children = (
				68FED466232A7F45000A5A7C /* AppDelegate.swift */,
				68E51B06232AA40D00FF48A6 /* Networking */,
				68E51B01232AA2DF00FF48A6 /* Models */,
				68E51B02232AA2F700FF48A6 /* Views */,
				5D515F87232C690200F4618A /* Controller */,
				68E71D0A232D46AD007D016A /* Extensions */,
				68FED46D232A7F52000A5A7C /* Assets.xcassets */,
				68FED472232A7F52000A5A7C /* Info.plist */,
				68E6597A235B270F00A70D07 /* GoogleService-Info.plist */,
			);
			path = QLearn;
			sourceTree = "<group>";
		};
		68FFB906233513DE003B7D49 /* Questions Bag */ = {
			isa = PBXGroup;
			children = (
				5DE73D862339E52300696190 /* TeacherCell */,
				5DE73D852339E4F500696190 /* StudentCell */,
			);
			path = "Questions Bag";
			sourceTree = "<group>";
		};
		9B32896C25A07D0D0049CCBA /* LiveExam */ = {
			isa = PBXGroup;
			children = (
				9B32896D25A07D3B0049CCBA /* QuestionsTypeViewController.swift */,
				9B32896F25A086D80049CCBA /* LiveExamsViewController.swift */,
			);
			path = LiveExam;
			sourceTree = "<group>";
		};
		9B3556282569E4940020762D /* SideMenu */ = {
			isa = PBXGroup;
			children = (
				9B3556292569E4BC0020762D /* MenuOptionTableViewCell.swift */,
			);
			path = SideMenu;
			sourceTree = "<group>";
		};
		9B66A81D2569D91E00DE7134 /* Live Exam */ = {
			isa = PBXGroup;
			children = (
				9B32897125A08B2F0049CCBA /* Exam.swift */,
			);
			path = "Live Exam";
			sourceTree = "<group>";
		};
		9B6D705125675AE800C33E91 /* Moya */ = {
			isa = PBXGroup;
			children = (
				9B6D705225675B0400C33E91 /* NetworkingService.swift */,
				9B6D705425675B5200C33E91 /* QLearnAPI.swift */,
			);
			path = Moya;
			sourceTree = "<group>";
		};
		9B7EA5F725A0783000B74E76 /* Storyboards */ = {
			isa = PBXGroup;
			children = (
				68FED46A232A7F45000A5A7C /* Main.storyboard */,
				9B7EA5F825A078D700B74E76 /* LiveExam.storyboard */,
			);
			path = Storyboards;
			sourceTree = "<group>";
		};
		F5EA8B42C38B4546D4F260BB /* Pods */ = {
			isa = PBXGroup;
			children = (
				4863000B38209A7EC315E789 /* Pods-QLearn.debug.xcconfig */,
				DF38D15381E1797DF11DAED3 /* Pods-QLearn.release.xcconfig */,
			);
			path = Pods;
			sourceTree = "<group>";
		};
/* End PBXGroup section */

/* Begin PBXNativeTarget section */
		68FED462232A7F45000A5A7C /* QLearn */ = {
			isa = PBXNativeTarget;
			buildConfigurationList = 68FED475232A7F52000A5A7C /* Build configuration list for PBXNativeTarget "QLearn" */;
			buildPhases = (
				CA9B6E295C12BD477C0F5A5F /* [CP] Check Pods Manifest.lock */,
				68FED45F232A7F45000A5A7C /* Sources */,
				68FED460232A7F45000A5A7C /* Frameworks */,
				68FED461232A7F45000A5A7C /* Resources */,
				03602BE8AD54E998E31BD2DB /* [CP] Embed Pods Frameworks */,
			);
			buildRules = (
			);
			dependencies = (
			);
			name = QLearn;
			productName = "El-Khateeb";
			productReference = 68FED463232A7F45000A5A7C /* QLearn.app */;
			productType = "com.apple.product-type.application";
		};
/* End PBXNativeTarget section */

/* Begin PBXProject section */
		68FED45B232A7F45000A5A7C /* Project object */ = {
			isa = PBXProject;
			attributes = {
				LastSwiftUpdateCheck = 1020;
				LastUpgradeCheck = 1020;
				ORGANIZATIONNAME = "Eyad Shokry";
				TargetAttributes = {
					68FED462232A7F45000A5A7C = {
						CreatedOnToolsVersion = 10.2.1;
						LastSwiftMigration = 1030;
						SystemCapabilities = {
							com.apple.Keychain = {
								enabled = 1;
							};
						};
					};
				};
			};
			buildConfigurationList = 68FED45E232A7F45000A5A7C /* Build configuration list for PBXProject "QLearn" */;
			compatibilityVersion = "Xcode 9.3";
			developmentRegion = en;
			hasScannedForEncodings = 0;
			knownRegions = (
				en,
				Base,
				ar,
			);
			mainGroup = 68FED45A232A7F45000A5A7C;
			productRefGroup = 68FED464232A7F45000A5A7C /* Products */;
			projectDirPath = "";
			projectRoot = "";
			targets = (
				68FED462232A7F45000A5A7C /* QLearn */,
			);
		};
/* End PBXProject section */

/* Begin PBXResourcesBuildPhase section */
		68FED461232A7F45000A5A7C /* Resources */ = {
			isa = PBXResourcesBuildPhase;
			buildActionMask = 2147483647;
			files = (
				68FED471232A7F52000A5A7C /* LaunchScreen.storyboard in Resources */,
				9B7EA5F925A078D700B74E76 /* LiveExam.storyboard in Resources */,
				5D0A0C262337481100D5B7EF /* Localizable.strings in Resources */,
				68E6597B235B270F00A70D07 /* GoogleService-Info.plist in Resources */,
				68FED46E232A7F52000A5A7C /* Assets.xcassets in Resources */,
				68FED46C232A7F45000A5A7C /* Main.storyboard in Resources */,
				9B2E2F1224FD0ACC0003E5BA /* TeachersTableViewCell.xib in Resources */,
			);
			runOnlyForDeploymentPostprocessing = 0;
		};
/* End PBXResourcesBuildPhase section */

/* Begin PBXShellScriptBuildPhase section */
		03602BE8AD54E998E31BD2DB /* [CP] Embed Pods Frameworks */ = {
			isa = PBXShellScriptBuildPhase;
			buildActionMask = 2147483647;
			files = (
			);
			inputFileListPaths = (
				"${PODS_ROOT}/Target Support Files/Pods-QLearn/Pods-QLearn-frameworks-${CONFIGURATION}-input-files.xcfilelist",
			);
			name = "[CP] Embed Pods Frameworks";
			outputFileListPaths = (
				"${PODS_ROOT}/Target Support Files/Pods-QLearn/Pods-QLearn-frameworks-${CONFIGURATION}-output-files.xcfilelist",
			);
			runOnlyForDeploymentPostprocessing = 0;
			shellPath = /bin/sh;
			shellScript = "\"${PODS_ROOT}/Target Support Files/Pods-QLearn/Pods-QLearn-frameworks.sh\"\n";
			showEnvVarsInLog = 0;
		};
		CA9B6E295C12BD477C0F5A5F /* [CP] Check Pods Manifest.lock */ = {
			isa = PBXShellScriptBuildPhase;
			buildActionMask = 2147483647;
			files = (
			);
			inputFileListPaths = (
			);
			inputPaths = (
				"${PODS_PODFILE_DIR_PATH}/Podfile.lock",
				"${PODS_ROOT}/Manifest.lock",
			);
			name = "[CP] Check Pods Manifest.lock";
			outputFileListPaths = (
			);
			outputPaths = (
				"$(DERIVED_FILE_DIR)/Pods-QLearn-checkManifestLockResult.txt",
			);
			runOnlyForDeploymentPostprocessing = 0;
			shellPath = /bin/sh;
			shellScript = "diff \"${PODS_PODFILE_DIR_PATH}/Podfile.lock\" \"${PODS_ROOT}/Manifest.lock\" > /dev/null\nif [ $? != 0 ] ; then\n    # print error to STDERR\n    echo \"error: The sandbox is not in sync with the Podfile.lock. Run 'pod install' or update your CocoaPods installation.\" >&2\n    exit 1\nfi\n# This output is used by Xcode 'outputs' to avoid re-running this script phase.\necho \"SUCCESS\" > \"${SCRIPT_OUTPUT_FILE_0}\"\n";
			showEnvVarsInLog = 0;
		};
/* End PBXShellScriptBuildPhase section */

/* Begin PBXSourcesBuildPhase section */
		68FED45F232A7F45000A5A7C /* Sources */ = {
			isa = PBXSourcesBuildPhase;
			buildActionMask = 2147483647;
			files = (
				5D26B5752338A862000EE757 /* TrueFalseQuestionStudentViewController.swift in Sources */,
				9B30D4D225542FAB000CF859 /* StudentTableViewCell.swift in Sources */,
				68E4325A2345217000AD5544 /* EvaluateAnswerViewController.swift in Sources */,
				9B6D705325675B0400C33E91 /* NetworkingService.swift in Sources */,
				68F01928233676F800221D33 /* CreateTrueFalseQuestionViewController.swift in Sources */,
				68E4ED3D23312AEB00F79C7F /* WeekGradesTableViewCell.swift in Sources */,
				68EC10A123390260000654D4 /* Question.swift in Sources */,
				68672440233FA2B0002E9763 /* Chapter.swift in Sources */,
				68EB192E233E9E0A0092589B /* PDFCategory.swift in Sources */,
				6879617F2368E1E100968B63 /* String+Extension.swift in Sources */,
				9B2E2F1024FD0A850003E5BA /* TeachersTableViewCell.swift in Sources */,
				9B35562A2569E4BC0020762D /* MenuOptionTableViewCell.swift in Sources */,
				68E4ED36233119C000F79C7F /* Attendance.swift in Sources */,
				5DBEA73E2343BA8B00C6333A /* Admin.swift in Sources */,
				68E4325E234535D800AD5544 /* FullQuestion.swift in Sources */,
				5D39FDA9232DEADC005C3E23 /* CvTeacherViewController.swift in Sources */,
				684470E1233C1845003A717B /* AskTeacherViewController.swift in Sources */,
				9B649AE425011AD500130645 /* TeacherCard.swift in Sources */,
				9B6D705525675B5200C33E91 /* QLearnAPI.swift in Sources */,
				68E76D49233A7C9900C397F7 /* AddPdfViewController.swift in Sources */,
				683239FF23381DAC002DACBF /* SearchQuestionsTableViewCell.swift in Sources */,
				68EB1924233E68DE0092589B /* Phone.swift in Sources */,
				5D89BC6F23307233000E0F9A /* OfficePhoneNumbersTableViewCell.swift in Sources */,
				5DE73D802339E16500696190 /* EssayQuestionsStudentViewController.swift in Sources */,
				9B32896E25A07D3B0049CCBA /* QuestionsTypeViewController.swift in Sources */,
				68EB1929233E74820092589B /* TeacherName.swift in Sources */,
				9B2CD2E02528B2720054F0C0 /* AdminMaxId.swift in Sources */,
				68E71D09232D2C25007D016A /* TimetableViewController.swift in Sources */,
				68FFB90523351171003B7D49 /* ChaptersViewController.swift in Sources */,
				5D515F86232C68FC00F4618A /* HomeViewController.swift in Sources */,
				68FFB90823351430003B7D49 /* ChapterTableViewCell.swift in Sources */,
				68F97591232FF40D007BFFD0 /* MenuCollectionViewCell.swift in Sources */,
				681E910523484762008FA842 /* FileDownloader.swift in Sources */,
				68F9759523302358007BFFD0 /* SelectStudentViewController.swift in Sources */,
				68E49458233543080090E0F8 /* CreateEssayQuestionViewController.swift in Sources */,
				9B35EDD624FBFA17006A7314 /* RegisterNewTeacherViewController.swift in Sources */,
				5DE88706233DFA9A007A5D0A /* AllQuestionChapterViewController.swift in Sources */,
				683239FD23381D81002DACBF /* SearchQuestionsViewController.swift in Sources */,
				5D4EFD5E23330BDF0005F7FE /* AddTeachersTableViewCell.swift in Sources */,
				9B2EE8AD2526506D00996BE2 /* SelectLevelViewController.swift in Sources */,
				9B35562C2569E9970020762D /* StudentAttendanceViewController.swift in Sources */,
				6827A4D1234459D800FF4AD9 /* AdminLogin.swift in Sources */,
				68E4ED4123312B2800F79C7F /* AttendanceTableViewCell.swift in Sources */,
				6875649D2333C1D400871F5C /* AvailableTypesViewController.swift in Sources */,
				68EAB14D232E8F99005CBC1D /* UIViewController+Extension.swift in Sources */,
				681BFF752337E3F80086FDF4 /* SPRadioButton.swift in Sources */,
				9B35EDCE24FBD24F006A7314 /* ConfirmCodeViewController.swift in Sources */,
				681D59AD235E1CB60001554B /* Date+Extension.swift in Sources */,
				68EB1933233EA3560092589B /* Pdf.swift in Sources */,
				5D1E2AF12336067A007715DD /* CreateMcqQuestionViewController.swift in Sources */,
				5DBEA73923438E0800C6333A /* AllNews.swift in Sources */,
				5D1977AD234015FC00C3659E /* GoQusetionAnswerViewController.swift in Sources */,
				9B35EDCF24FBD24F006A7314 /* ConfirmPasswordViewController.swift in Sources */,
				5D4EFD5C23330BC80005F7FE /* AddNewNewsTableViewCell.swift in Sources */,
				68E51B0D232AB38200FF48A6 /* ShadowView.swift in Sources */,
				684470E3233C206D003A717B /* MyQuestionsViewController.swift in Sources */,
				9B32897225A08B2F0049CCBA /* Exam.swift in Sources */,
				68EB192B233E81B50092589B /* TeacherInfo.swift in Sources */,
				68E51B0B232AB2CF00FF48A6 /* HomeTableViewCell.swift in Sources */,
				5D1977AF234029B100C3659E /* GoAskQusetionViewController.swift in Sources */,
				9B2E2F0E24FD09C40003E5BA /* AvailableTeachersViewController.swift in Sources */,
				689EB35A2334037900D17EC8 /* QuestionsBagViewController.swift in Sources */,
				6827A4CF2343EF3C00FF4AD9 /* Parent.swift in Sources */,
				68E71D0E232D54C4007D016A /* StudentReportViewController.swift in Sources */,
				683C82D6234172FF008702FE /* SchoolUser.swift in Sources */,
				5D7AF77B232E0E120075BC0C /* ContactUsViewController.swift in Sources */,
				68EB1927233E715E0092589B /* Achievement.swift in Sources */,
				5D7AF779232E0BBD0075BC0C /* CvTeacherTableViewCell.swift in Sources */,
				9B649AE62501744500130645 /* IsActivated.swift in Sources */,
				5D26B5782338BC1B000EE757 /* CheckQuestionViewController.swift in Sources */,
				9B367292252B669200D03509 /* ExternalLinksViewController.swift in Sources */,
				684470E7233C2FA7003A717B /* MyQuestionsTableViewCell.swift in Sources */,
				9B32897025A086D80049CCBA /* LiveExamsViewController.swift in Sources */,
				68E4ED3F23312B0100F79C7F /* MonthGradesTableViewCell.swift in Sources */,
				5D89BC7123307299000E0F9A /* AddressesTableViewCell.swift in Sources */,
				68E76D6D233AB02300C397F7 /* Dictionary+Extension.swift in Sources */,
				68EAB149232E814E005CBC1D /* LessonDates.swift in Sources */,
				68E4ED43233162EA00F79C7F /* User.swift in Sources */,
				9B35EDD024FBD24F006A7314 /* LoginViewController.swift in Sources */,
				68E4ED342331196200F79C7F /* MonthGrade.swift in Sources */,
				5DE88708233DFAD5007A5D0A /* AllQuestionChapterCell.swift in Sources */,
				689EB3542333CF6800D17EC8 /* PDFTypeViewController.swift in Sources */,
				68E4ED3823311D8000F79C7F /* UILabel+Extension.swift in Sources */,
				9B30D4D4255430D2000CF859 /* StudentData.swift in Sources */,
				5D4EFD5A23330B750005F7FE /* AddTeachersTableView.swift in Sources */,
				9B2E2F1424FD0D310003E5BA /* Teachers.swift in Sources */,
				9B33B60424FBB91300B74760 /* AnswerQuestionViewController.swift in Sources */,
				68EA9A7B2341AF0500A4D420 /* RightAnswers.swift in Sources */,
				5D4EFD5723330B2C0005F7FE /* AddNewNewsTableView.swift in Sources */,
				68E71D0C232D46D3007D016A /* UIButton+Extension.swift in Sources */,
				5DBEA73B2343917400C6333A /* TeacherDrobMenu.swift in Sources */,
				9B649AE825017D5A00130645 /* GoForPayViewController.swift in Sources */,
				686D748E2333C00500F2FE34 /* TypeTableViewCell.swift in Sources */,
				68EB1922233E588C0092589B /* Address.swift in Sources */,
				68C4FB722332C49B001E287B /* SlidingText.swift in Sources */,
				9B367296252B6A0000D03509 /* ExternalLinkTableViewCell.swift in Sources */,
				68E51B11232AD61000FF48A6 /* Client.swift in Sources */,
				68EC10A723392EA7000654D4 /* AskUsTableViewCell.swift in Sources */,
				5D89BC6D233068D6000E0F9A /* AchievementsTableViewCell.swift in Sources */,
				689EB3572333E29700D17EC8 /* PDFTableViewCell.swift in Sources */,
				68EA9A792341A12000A4D420 /* QuestionsCount.swift in Sources */,
				9B35EDD224FBD262006A7314 /* NewRegistrationViewController.swift in Sources */,
				68F988CC23530ABD00A62BC4 /* LongPressGesture.swift in Sources */,
				9B2E272C252A1E0100E06334 /* StudentsQuestionsViewController.swift in Sources */,
				68E71D12232D748D007D016A /* SideMenuTableViewController.swift in Sources */,
				681E91032347FC21008FA842 /* UIView+Extension.swift in Sources */,
				9B367298252B6B6E00D03509 /* ExternalLink.swift in Sources */,
				9B35EDD424FBE824006A7314 /* StudentLevel.swift in Sources */,
				5D4EE95C233B1BAF00347CE9 /* CircularProgressBar.swift in Sources */,
				68E4945A2335497B0090E0F8 /* HairlineConstraint.swift in Sources */,
				68E7E07D23430725000196F2 /* StudentLogin.swift in Sources */,
				68EB1931233E9F0B0092589B /* Student.swift in Sources */,
				68FED467232A7F45000A5A7C /* AppDelegate.swift in Sources */,
				685ADB6A2347535E001C3F52 /* CorrectAnswerViewController.swift in Sources */,
			);
			runOnlyForDeploymentPostprocessing = 0;
		};
/* End PBXSourcesBuildPhase section */

/* Begin PBXVariantGroup section */
		5D0A0C282337481100D5B7EF /* Localizable.strings */ = {
			isa = PBXVariantGroup;
			children = (
				5D0A0C272337481100D5B7EF /* en */,
				5D0A0C292337482100D5B7EF /* ar */,
			);
			name = Localizable.strings;
			sourceTree = "<group>";
		};
		68FED46A232A7F45000A5A7C /* Main.storyboard */ = {
			isa = PBXVariantGroup;
			children = (
				68FED46B232A7F45000A5A7C /* Base */,
				5D0A0C22233730D600D5B7EF /* ar */,
			);
			name = Main.storyboard;
			sourceTree = "<group>";
		};
		68FED46F232A7F52000A5A7C /* LaunchScreen.storyboard */ = {
			isa = PBXVariantGroup;
			children = (
				68FED470232A7F52000A5A7C /* Base */,
				5D0A0C23233730D600D5B7EF /* ar */,
			);
			name = LaunchScreen.storyboard;
			sourceTree = "<group>";
		};
/* End PBXVariantGroup section */

/* Begin XCBuildConfiguration section */
		68FED473232A7F52000A5A7C /* Debug */ = {
			isa = XCBuildConfiguration;
			buildSettings = {
				ALWAYS_SEARCH_USER_PATHS = NO;
				CLANG_ANALYZER_LOCALIZABILITY_NONLOCALIZED = YES;
				CLANG_ANALYZER_NONNULL = YES;
				CLANG_ANALYZER_NUMBER_OBJECT_CONVERSION = YES_AGGRESSIVE;
				CLANG_CXX_LANGUAGE_STANDARD = "gnu++14";
				CLANG_CXX_LIBRARY = "libc++";
				CLANG_ENABLE_MODULES = YES;
				CLANG_ENABLE_OBJC_ARC = YES;
				CLANG_ENABLE_OBJC_WEAK = YES;
				CLANG_WARN_BLOCK_CAPTURE_AUTORELEASING = YES;
				CLANG_WARN_BOOL_CONVERSION = YES;
				CLANG_WARN_COMMA = YES;
				CLANG_WARN_CONSTANT_CONVERSION = YES;
				CLANG_WARN_DEPRECATED_OBJC_IMPLEMENTATIONS = YES;
				CLANG_WARN_DIRECT_OBJC_ISA_USAGE = YES_ERROR;
				CLANG_WARN_DOCUMENTATION_COMMENTS = YES;
				CLANG_WARN_EMPTY_BODY = YES;
				CLANG_WARN_ENUM_CONVERSION = YES;
				CLANG_WARN_INFINITE_RECURSION = YES;
				CLANG_WARN_INT_CONVERSION = YES;
				CLANG_WARN_NON_LITERAL_NULL_CONVERSION = YES;
				CLANG_WARN_OBJC_IMPLICIT_RETAIN_SELF = YES;
				CLANG_WARN_OBJC_LITERAL_CONVERSION = YES;
				CLANG_WARN_OBJC_ROOT_CLASS = YES_ERROR;
				CLANG_WARN_RANGE_LOOP_ANALYSIS = YES;
				CLANG_WARN_STRICT_PROTOTYPES = YES;
				CLANG_WARN_SUSPICIOUS_MOVE = YES;
				CLANG_WARN_UNGUARDED_AVAILABILITY = YES_AGGRESSIVE;
				CLANG_WARN_UNREACHABLE_CODE = YES;
				CLANG_WARN__DUPLICATE_METHOD_MATCH = YES;
				CODE_SIGN_IDENTITY = "iPhone Developer";
				COPY_PHASE_STRIP = NO;
				DEBUG_INFORMATION_FORMAT = dwarf;
				ENABLE_STRICT_OBJC_MSGSEND = YES;
				ENABLE_TESTABILITY = YES;
				GCC_C_LANGUAGE_STANDARD = gnu11;
				GCC_DYNAMIC_NO_PIC = NO;
				GCC_NO_COMMON_BLOCKS = YES;
				GCC_OPTIMIZATION_LEVEL = 0;
				GCC_PREPROCESSOR_DEFINITIONS = (
					"DEBUG=1",
					"$(inherited)",
				);
				GCC_WARN_64_TO_32_BIT_CONVERSION = YES;
				GCC_WARN_ABOUT_RETURN_TYPE = YES_ERROR;
				GCC_WARN_UNDECLARED_SELECTOR = YES;
				GCC_WARN_UNINITIALIZED_AUTOS = YES_AGGRESSIVE;
				GCC_WARN_UNUSED_FUNCTION = YES;
				GCC_WARN_UNUSED_VARIABLE = YES;
				IPHONEOS_DEPLOYMENT_TARGET = 12.2;
				MTL_ENABLE_DEBUG_INFO = INCLUDE_SOURCE;
				MTL_FAST_MATH = YES;
				ONLY_ACTIVE_ARCH = YES;
				SDKROOT = iphoneos;
				SWIFT_ACTIVE_COMPILATION_CONDITIONS = DEBUG;
				SWIFT_OPTIMIZATION_LEVEL = "-Onone";
			};
			name = Debug;
		};
		68FED474232A7F52000A5A7C /* Release */ = {
			isa = XCBuildConfiguration;
			buildSettings = {
				ALWAYS_SEARCH_USER_PATHS = NO;
				CLANG_ANALYZER_LOCALIZABILITY_NONLOCALIZED = YES;
				CLANG_ANALYZER_NONNULL = YES;
				CLANG_ANALYZER_NUMBER_OBJECT_CONVERSION = YES_AGGRESSIVE;
				CLANG_CXX_LANGUAGE_STANDARD = "gnu++14";
				CLANG_CXX_LIBRARY = "libc++";
				CLANG_ENABLE_MODULES = YES;
				CLANG_ENABLE_OBJC_ARC = YES;
				CLANG_ENABLE_OBJC_WEAK = YES;
				CLANG_WARN_BLOCK_CAPTURE_AUTORELEASING = YES;
				CLANG_WARN_BOOL_CONVERSION = YES;
				CLANG_WARN_COMMA = YES;
				CLANG_WARN_CONSTANT_CONVERSION = YES;
				CLANG_WARN_DEPRECATED_OBJC_IMPLEMENTATIONS = YES;
				CLANG_WARN_DIRECT_OBJC_ISA_USAGE = YES_ERROR;
				CLANG_WARN_DOCUMENTATION_COMMENTS = YES;
				CLANG_WARN_EMPTY_BODY = YES;
				CLANG_WARN_ENUM_CONVERSION = YES;
				CLANG_WARN_INFINITE_RECURSION = YES;
				CLANG_WARN_INT_CONVERSION = YES;
				CLANG_WARN_NON_LITERAL_NULL_CONVERSION = YES;
				CLANG_WARN_OBJC_IMPLICIT_RETAIN_SELF = YES;
				CLANG_WARN_OBJC_LITERAL_CONVERSION = YES;
				CLANG_WARN_OBJC_ROOT_CLASS = YES_ERROR;
				CLANG_WARN_RANGE_LOOP_ANALYSIS = YES;
				CLANG_WARN_STRICT_PROTOTYPES = YES;
				CLANG_WARN_SUSPICIOUS_MOVE = YES;
				CLANG_WARN_UNGUARDED_AVAILABILITY = YES_AGGRESSIVE;
				CLANG_WARN_UNREACHABLE_CODE = YES;
				CLANG_WARN__DUPLICATE_METHOD_MATCH = YES;
				CODE_SIGN_IDENTITY = "iPhone Developer";
				COPY_PHASE_STRIP = NO;
				DEBUG_INFORMATION_FORMAT = "dwarf-with-dsym";
				ENABLE_NS_ASSERTIONS = NO;
				ENABLE_STRICT_OBJC_MSGSEND = YES;
				GCC_C_LANGUAGE_STANDARD = gnu11;
				GCC_NO_COMMON_BLOCKS = YES;
				GCC_WARN_64_TO_32_BIT_CONVERSION = YES;
				GCC_WARN_ABOUT_RETURN_TYPE = YES_ERROR;
				GCC_WARN_UNDECLARED_SELECTOR = YES;
				GCC_WARN_UNINITIALIZED_AUTOS = YES_AGGRESSIVE;
				GCC_WARN_UNUSED_FUNCTION = YES;
				GCC_WARN_UNUSED_VARIABLE = YES;
				IPHONEOS_DEPLOYMENT_TARGET = 12.2;
				MTL_ENABLE_DEBUG_INFO = NO;
				MTL_FAST_MATH = YES;
				SDKROOT = iphoneos;
				SWIFT_COMPILATION_MODE = wholemodule;
				SWIFT_OPTIMIZATION_LEVEL = "-O";
				VALIDATE_PRODUCT = YES;
			};
			name = Release;
		};
		68FED476232A7F52000A5A7C /* Debug */ = {
			isa = XCBuildConfiguration;
			baseConfigurationReference = 4863000B38209A7EC315E789 /* Pods-QLearn.debug.xcconfig */;
			buildSettings = {
				ASSETCATALOG_COMPILER_APPICON_NAME = AppIcon;
				CODE_SIGN_ENTITLEMENTS = "";
				CODE_SIGN_STYLE = Automatic;
				CURRENT_PROJECT_VERSION = 1;
				DEVELOPMENT_TEAM = A2Q9DC3AJW;
				INFOPLIST_FILE = QLearn/Info.plist;
				LD_RUNPATH_SEARCH_PATHS = (
					"$(inherited)",
					"@executable_path/Frameworks",
				);
				MARKETING_VERSION = 1.0.5;
				PRODUCT_BUNDLE_IDENTIFIER = Qubtan.QLearn;
				PRODUCT_NAME = "$(TARGET_NAME)";
				SWIFT_VERSION = 4.2;
				TARGETED_DEVICE_FAMILY = 1;
			};
			name = Debug;
		};
		68FED477232A7F52000A5A7C /* Release */ = {
			isa = XCBuildConfiguration;
			baseConfigurationReference = DF38D15381E1797DF11DAED3 /* Pods-QLearn.release.xcconfig */;
			buildSettings = {
				ASSETCATALOG_COMPILER_APPICON_NAME = AppIcon;
				CODE_SIGN_ENTITLEMENTS = "";
				CODE_SIGN_STYLE = Automatic;
				CURRENT_PROJECT_VERSION = 1;
				DEVELOPMENT_TEAM = A2Q9DC3AJW;
				INFOPLIST_FILE = QLearn/Info.plist;
				LD_RUNPATH_SEARCH_PATHS = (
					"$(inherited)",
					"@executable_path/Frameworks",
				);
				MARKETING_VERSION = 1.0.5;
				PRODUCT_BUNDLE_IDENTIFIER = Qubtan.QLearn;
				PRODUCT_NAME = "$(TARGET_NAME)";
				SWIFT_VERSION = 4.2;
				TARGETED_DEVICE_FAMILY = 1;
			};
			name = Release;
		};
/* End XCBuildConfiguration section */

/* Begin XCConfigurationList section */
		68FED45E232A7F45000A5A7C /* Build configuration list for PBXProject "QLearn" */ = {
			isa = XCConfigurationList;
			buildConfigurations = (
				68FED473232A7F52000A5A7C /* Debug */,
				68FED474232A7F52000A5A7C /* Release */,
			);
			defaultConfigurationIsVisible = 0;
			defaultConfigurationName = Release;
		};
		68FED475232A7F52000A5A7C /* Build configuration list for PBXNativeTarget "QLearn" */ = {
			isa = XCConfigurationList;
			buildConfigurations = (
				68FED476232A7F52000A5A7C /* Debug */,
				68FED477232A7F52000A5A7C /* Release */,
			);
			defaultConfigurationIsVisible = 0;
			defaultConfigurationName = Release;
		};
/* End XCConfigurationList section */
	};
	rootObject = 68FED45B232A7F45000A5A7C /* Project object */;
}
